// !$*UTF8*$!
{
	archiveVersion = 1;
	classes = {
	};
	objectVersion = 51;
	objects = {

/* Begin PBXBuildFile section */
		0095CE14E1B863988506EAD3 /* Pods_IdeaMemo_IdeaMemoUITests.framework in Frameworks */ = {isa = PBXBuildFile; fileRef = DD7FEEAF3007C9A84B2A9F24 /* Pods_IdeaMemo_IdeaMemoUITests.framework */; };
		03E444E701CA28F8D93E8E37 /* AppDelegate.swift in Sources */ = {isa = PBXBuildFile; fileRef = DCFF06EDE609D69C5433FE8F /* AppDelegate.swift */; };
		06238AEB02BB4606AA8A9A8F /* RxStore.swift in Sources */ = {isa = PBXBuildFile; fileRef = D0C74BD9340DF26BF05E8A7C /* RxStore.swift */; };
		0E6F2C8CA36D6BA28BE0CA33 /* StoryboardSegues.swift in Sources */ = {isa = PBXBuildFile; fileRef = C20A20E4DF8DC8B6A440882C /* StoryboardSegues.swift */; };
		0EEE458C34CF790F42C444D1 /* Localizable.strings in Resources */ = {isa = PBXBuildFile; fileRef = DCC80328D1C2C9B7EC5A4B8C /* Localizable.strings */; };
		1554F0AD4695E4E4B389EC82 /* ContentView.swift in Sources */ = {isa = PBXBuildFile; fileRef = 52E2A94246F0FF94DED8EA89 /* ContentView.swift */; };
		1869B157DB4D10F37884DF75 /* LaunchScreen.storyboard in Resources */ = {isa = PBXBuildFile; fileRef = 84C169B6538C66A6F3DD7B60 /* LaunchScreen.storyboard */; };
		1C6D9DEA36058E20B85449FA /* RxRelay.framework in Embed Frameworks */ = {isa = PBXBuildFile; fileRef = 30FA19D16F3DA0599A6A71CB /* RxRelay.framework */; settings = {ATTRIBUTES = (CodeSignOnCopy, RemoveHeadersOnCopy, ); }; };
		1D06B909004AC77D7FFF54AE /* ReSwift.framework in Embed Frameworks */ = {isa = PBXBuildFile; fileRef = 72073F6D7E3455465E8619A6 /* ReSwift.framework */; settings = {ATTRIBUTES = (CodeSignOnCopy, RemoveHeadersOnCopy, ); }; };
		1FA448AE13642546E8FA3F8E /* RxSwift.framework in Embed Frameworks */ = {isa = PBXBuildFile; fileRef = 0DAB8F1F8AA3BBDD7C6DB99B /* RxSwift.framework */; settings = {ATTRIBUTES = (CodeSignOnCopy, RemoveHeadersOnCopy, ); }; };
		27D1D31062BD58F32EE70B2C /* IdeaMemoUITests.swift in Sources */ = {isa = PBXBuildFile; fileRef = C15F1B95831695FAA57DCF05 /* IdeaMemoUITests.swift */; };
		30E1BA6999A1A12E60226792 /* ApplicationState.swift in Sources */ = {isa = PBXBuildFile; fileRef = BFED114DF5E5D1BFEABA620D /* ApplicationState.swift */; };
		3CEFFD72B5F48D5995F56A91 /* IdeaMemoTests.swift in Sources */ = {isa = PBXBuildFile; fileRef = 095585C3D22A30DFF91963D6 /* IdeaMemoTests.swift */; };
		3DB4340F69478133C867556D /* Pods_IdeaMemoTests.framework in Frameworks */ = {isa = PBXBuildFile; fileRef = 84B174B91465F7E23D665C52 /* Pods_IdeaMemoTests.framework */; };
		4119F7DBA5A556E37689ECBC /* Assets.xcassets in Resources */ = {isa = PBXBuildFile; fileRef = B790DB578DFF0F5E2041032B /* Assets.xcassets */; };
		53B215F39632783628D1A4E4 /* SceneDelegate.swift in Sources */ = {isa = PBXBuildFile; fileRef = 7BE70493FBDECFCB3DF2095D /* SceneDelegate.swift */; };
		542BE74899D97DB9AB135776 /* RxCocoa.framework in Embed Frameworks */ = {isa = PBXBuildFile; fileRef = C09A481C70987868D6E7800C /* RxCocoa.framework */; settings = {ATTRIBUTES = (CodeSignOnCopy, RemoveHeadersOnCopy, ); }; };
		584954BBEA7458FF34B23479 /* Settings.bundle in Resources */ = {isa = PBXBuildFile; fileRef = 6D4F8064F7BCD20F40EB8B01 /* Settings.bundle */; };
		589559B5F0CA201A75E17915 /* ApplicationActions.swift in Sources */ = {isa = PBXBuildFile; fileRef = 5BADCDACD194C8D940C98059 /* ApplicationActions.swift */; };
		6AC11DAE4A4A803815EB46EF /* RxCocoa.framework in Frameworks */ = {isa = PBXBuildFile; fileRef = C09A481C70987868D6E7800C /* RxCocoa.framework */; };
		71B67D27D54CCBC2F779036D /* FavoriteState.swift in Sources */ = {isa = PBXBuildFile; fileRef = 853181A5C6CB3C70D147C7DC /* FavoriteState.swift */; };
		770CCFBC76362B8D8E2651F4 /* loggingMiddleware.swift in Sources */ = {isa = PBXBuildFile; fileRef = 914D9E3588E623B2FD1EF979 /* loggingMiddleware.swift */; };
		7B76279DB2B442255A68DFAE /* RxCocoa.framework in Embed Frameworks */ = {isa = PBXBuildFile; fileRef = C09A481C70987868D6E7800C /* RxCocoa.framework */; settings = {ATTRIBUTES = (CodeSignOnCopy, RemoveHeadersOnCopy, ); }; };
		7E0CB1DF1F6A886D37B822D4 /* ReSwift.framework in Embed Frameworks */ = {isa = PBXBuildFile; fileRef = 72073F6D7E3455465E8619A6 /* ReSwift.framework */; settings = {ATTRIBUTES = (CodeSignOnCopy, RemoveHeadersOnCopy, ); }; };
		86D527B60E66605F989D2207 /* RxSwift.framework in Embed Frameworks */ = {isa = PBXBuildFile; fileRef = 0DAB8F1F8AA3BBDD7C6DB99B /* RxSwift.framework */; settings = {ATTRIBUTES = (CodeSignOnCopy, RemoveHeadersOnCopy, ); }; };
		9230C775095EA992D4952980 /* Pods_IdeaMemo.framework in Frameworks */ = {isa = PBXBuildFile; fileRef = 8CAF3376B70E633FE620659B /* Pods_IdeaMemo.framework */; };
		97C77DBA6CB01367CDFE2E7A /* StoryboardScenes.swift in Sources */ = {isa = PBXBuildFile; fileRef = 88E2D72B4735ACB2A15F9B63 /* StoryboardScenes.swift */; };
		9CBFEBAB046D3B4024AE4D32 /* FavoriteStateReducer.swift in Sources */ = {isa = PBXBuildFile; fileRef = 44BEE59C45B94CF5E419420D /* FavoriteStateReducer.swift */; };
		9D3FA8BBB3D5D54FFE7AB5C6 /* RxSwift.framework in Frameworks */ = {isa = PBXBuildFile; fileRef = 0DAB8F1F8AA3BBDD7C6DB99B /* RxSwift.framework */; };
		A3852FE9093F45278D0BDE9E /* FavoriteActions.swift in Sources */ = {isa = PBXBuildFile; fileRef = 05640EF75E261B82C01DD39F /* FavoriteActions.swift */; };
		AF8436EADF48C742065F8947 /* SampleViewController.swift in Sources */ = {isa = PBXBuildFile; fileRef = 134DA8E2726375808241D42C /* SampleViewController.swift */; };
		B3C9ACEB3C919CE674DC44E3 /* RxRelay.framework in Embed Frameworks */ = {isa = PBXBuildFile; fileRef = 30FA19D16F3DA0599A6A71CB /* RxRelay.framework */; settings = {ATTRIBUTES = (CodeSignOnCopy, RemoveHeadersOnCopy, ); }; };
		B3E1F545B524F6CFA25C7143 /* RxRelay.framework in Frameworks */ = {isa = PBXBuildFile; fileRef = 30FA19D16F3DA0599A6A71CB /* RxRelay.framework */; };
		C6ABF2D3BE8FB50C08648189 /* LocalizableStrings.swift in Sources */ = {isa = PBXBuildFile; fileRef = 3EDFCD4D218C7AB794CDAF63 /* LocalizableStrings.swift */; };
		CDD0FD7666139C590D2EE302 /* ApplicationStore.swift in Sources */ = {isa = PBXBuildFile; fileRef = B762F095276359A32415A53E /* ApplicationStore.swift */; };
		DBB5038B0522FC24C357611A /* ReSwift.framework in Frameworks */ = {isa = PBXBuildFile; fileRef = 72073F6D7E3455465E8619A6 /* ReSwift.framework */; };
		E2C2ED68B1C81B5E9A7A985E /* ApplicationReducer.swift in Sources */ = {isa = PBXBuildFile; fileRef = 5C9DD364C68C50A996782ECE /* ApplicationReducer.swift */; };
		EBA115D9FF117AAE217C578E /* SampleModel.swift in Sources */ = {isa = PBXBuildFile; fileRef = D7E1A2EFA6955B0DA9048170 /* SampleModel.swift */; };
		F05D310798E9E442241C8563 /* Preview Assets.xcassets in Resources */ = {isa = PBXBuildFile; fileRef = CC5B48305149999B7823AD87 /* Preview Assets.xcassets */; };
		FE3BF89832527142CEC1CA1E /* Assets.swift in Sources */ = {isa = PBXBuildFile; fileRef = 9419B15E71503150965A0471 /* Assets.swift */; };
/* End PBXBuildFile section */

/* Begin PBXContainerItemProxy section */
		3A747A128742BDF4442CD844 /* PBXContainerItemProxy */ = {
			isa = PBXContainerItemProxy;
			containerPortal = 3A5791CD6FA96286ABC9001B /* Project object */;
			proxyType = 1;
			remoteGlobalIDString = 63A199A3BDB8D02B08C67B00;
			remoteInfo = IdeaMemo;
		};
		79B26C8B3315037D0F517C2A /* PBXContainerItemProxy */ = {
			isa = PBXContainerItemProxy;
			containerPortal = 3A5791CD6FA96286ABC9001B /* Project object */;
			proxyType = 1;
			remoteGlobalIDString = 63A199A3BDB8D02B08C67B00;
			remoteInfo = IdeaMemo;
		};
/* End PBXContainerItemProxy section */

/* Begin PBXCopyFilesBuildPhase section */
		2434344312C9B3B7AC9C18C1 /* Embed Frameworks */ = {
			isa = PBXCopyFilesBuildPhase;
			buildActionMask = 2147483647;
			dstPath = "";
			dstSubfolderSpec = 10;
			files = (
				1D06B909004AC77D7FFF54AE /* ReSwift.framework in Embed Frameworks */,
				7B76279DB2B442255A68DFAE /* RxCocoa.framework in Embed Frameworks */,
				B3C9ACEB3C919CE674DC44E3 /* RxRelay.framework in Embed Frameworks */,
				86D527B60E66605F989D2207 /* RxSwift.framework in Embed Frameworks */,
			);
			name = "Embed Frameworks";
			runOnlyForDeploymentPostprocessing = 0;
		};
		C973D0452D7DB2D0A42505F2 /* Embed Frameworks */ = {
			isa = PBXCopyFilesBuildPhase;
			buildActionMask = 2147483647;
			dstPath = "";
			dstSubfolderSpec = 10;
			files = (
				7E0CB1DF1F6A886D37B822D4 /* ReSwift.framework in Embed Frameworks */,
				542BE74899D97DB9AB135776 /* RxCocoa.framework in Embed Frameworks */,
				1C6D9DEA36058E20B85449FA /* RxRelay.framework in Embed Frameworks */,
				1FA448AE13642546E8FA3F8E /* RxSwift.framework in Embed Frameworks */,
			);
			name = "Embed Frameworks";
			runOnlyForDeploymentPostprocessing = 0;
		};
/* End PBXCopyFilesBuildPhase section */

/* Begin PBXFileReference section */
		02638CD02F7DF8BC8C1157E2 /* Info.plist */ = {isa = PBXFileReference; lastKnownFileType = text.plist; path = Info.plist; sourceTree = "<group>"; };
		05640EF75E261B82C01DD39F /* FavoriteActions.swift */ = {isa = PBXFileReference; lastKnownFileType = sourcecode.swift; path = FavoriteActions.swift; sourceTree = "<group>"; };
		095585C3D22A30DFF91963D6 /* IdeaMemoTests.swift */ = {isa = PBXFileReference; lastKnownFileType = sourcecode.swift; path = IdeaMemoTests.swift; sourceTree = "<group>"; };
		0CC128FF6FADF0CA96A93D10 /* Pods-IdeaMemo.develop debug.xcconfig */ = {isa = PBXFileReference; includeInIndex = 1; lastKnownFileType = text.xcconfig; name = "Pods-IdeaMemo.develop debug.xcconfig"; path = "Target Support Files/Pods-IdeaMemo/Pods-IdeaMemo.develop debug.xcconfig"; sourceTree = "<group>"; };
		0DAB8F1F8AA3BBDD7C6DB99B /* RxSwift.framework */ = {isa = PBXFileReference; lastKnownFileType = wrapper.framework; path = RxSwift.framework; sourceTree = "<group>"; };
		134DA8E2726375808241D42C /* SampleViewController.swift */ = {isa = PBXFileReference; lastKnownFileType = sourcecode.swift; path = SampleViewController.swift; sourceTree = "<group>"; };
		2AB17559EAC2CDC1AA71920F /* Pods-IdeaMemoTests.production debug.xcconfig */ = {isa = PBXFileReference; includeInIndex = 1; lastKnownFileType = text.xcconfig; name = "Pods-IdeaMemoTests.production debug.xcconfig"; path = "Target Support Files/Pods-IdeaMemoTests/Pods-IdeaMemoTests.production debug.xcconfig"; sourceTree = "<group>"; };
		30FA19D16F3DA0599A6A71CB /* RxRelay.framework */ = {isa = PBXFileReference; lastKnownFileType = wrapper.framework; path = RxRelay.framework; sourceTree = "<group>"; };
		3790CC9D18D4DF19AE709EDB /* IdeaMemoUITests.xctest */ = {isa = PBXFileReference; includeInIndex = 0; lastKnownFileType = wrapper.cfbundle; path = IdeaMemoUITests.xctest; sourceTree = BUILT_PRODUCTS_DIR; };
		3BDC8F026E1789D38B282798 /* Pods-IdeaMemoTests.develop release.xcconfig */ = {isa = PBXFileReference; includeInIndex = 1; lastKnownFileType = text.xcconfig; name = "Pods-IdeaMemoTests.develop release.xcconfig"; path = "Target Support Files/Pods-IdeaMemoTests/Pods-IdeaMemoTests.develop release.xcconfig"; sourceTree = "<group>"; };
		3CA31CD5CA382085322AF5CA /* Pods-IdeaMemo.staging debug.xcconfig */ = {isa = PBXFileReference; includeInIndex = 1; lastKnownFileType = text.xcconfig; name = "Pods-IdeaMemo.staging debug.xcconfig"; path = "Target Support Files/Pods-IdeaMemo/Pods-IdeaMemo.staging debug.xcconfig"; sourceTree = "<group>"; };
		3EDFCD4D218C7AB794CDAF63 /* LocalizableStrings.swift */ = {isa = PBXFileReference; lastKnownFileType = sourcecode.swift; path = LocalizableStrings.swift; sourceTree = "<group>"; };
		411BAF326BAD7770B1E14227 /* Pods-IdeaMemoTests.staging debug.xcconfig */ = {isa = PBXFileReference; includeInIndex = 1; lastKnownFileType = text.xcconfig; name = "Pods-IdeaMemoTests.staging debug.xcconfig"; path = "Target Support Files/Pods-IdeaMemoTests/Pods-IdeaMemoTests.staging debug.xcconfig"; sourceTree = "<group>"; };
		41D560B8E9AB6A8477695DF4 /* IdeaMemoTests.xctest */ = {isa = PBXFileReference; includeInIndex = 0; lastKnownFileType = wrapper.cfbundle; path = IdeaMemoTests.xctest; sourceTree = BUILT_PRODUCTS_DIR; };
		44BEE59C45B94CF5E419420D /* FavoriteStateReducer.swift */ = {isa = PBXFileReference; lastKnownFileType = sourcecode.swift; path = FavoriteStateReducer.swift; sourceTree = "<group>"; };
		46481011B6033A4C39E90BE2 /* Info.plist */ = {isa = PBXFileReference; lastKnownFileType = text.plist; path = Info.plist; sourceTree = "<group>"; };
		4BC05D1D802F721FBE88D540 /* production.xcconfig */ = {isa = PBXFileReference; lastKnownFileType = text.xcconfig; path = production.xcconfig; sourceTree = "<group>"; };
		514B6D2B1210A7C74FB6B325 /* Pods-IdeaMemo.production debug.xcconfig */ = {isa = PBXFileReference; includeInIndex = 1; lastKnownFileType = text.xcconfig; name = "Pods-IdeaMemo.production debug.xcconfig"; path = "Target Support Files/Pods-IdeaMemo/Pods-IdeaMemo.production debug.xcconfig"; sourceTree = "<group>"; };
		52E2A94246F0FF94DED8EA89 /* ContentView.swift */ = {isa = PBXFileReference; lastKnownFileType = sourcecode.swift; path = ContentView.swift; sourceTree = "<group>"; };
		55A78D6B09F88C52AE871C09 /* developdebug.xcconfig */ = {isa = PBXFileReference; lastKnownFileType = text.xcconfig; path = developdebug.xcconfig; sourceTree = "<group>"; };
		5BADCDACD194C8D940C98059 /* ApplicationActions.swift */ = {isa = PBXFileReference; lastKnownFileType = sourcecode.swift; path = ApplicationActions.swift; sourceTree = "<group>"; };
		5C9DD364C68C50A996782ECE /* ApplicationReducer.swift */ = {isa = PBXFileReference; lastKnownFileType = sourcecode.swift; path = ApplicationReducer.swift; sourceTree = "<group>"; };
		6947397F6DE1617E23FADDC1 /* staging.xcconfig */ = {isa = PBXFileReference; lastKnownFileType = text.xcconfig; path = staging.xcconfig; sourceTree = "<group>"; };
		698681C9D2154FB6358BE746 /* Pods-IdeaMemo-IdeaMemoUITests.staging release.xcconfig */ = {isa = PBXFileReference; includeInIndex = 1; lastKnownFileType = text.xcconfig; name = "Pods-IdeaMemo-IdeaMemoUITests.staging release.xcconfig"; path = "Target Support Files/Pods-IdeaMemo-IdeaMemoUITests/Pods-IdeaMemo-IdeaMemoUITests.staging release.xcconfig"; sourceTree = "<group>"; };
		6D4F8064F7BCD20F40EB8B01 /* Settings.bundle */ = {isa = PBXFileReference; lastKnownFileType = "wrapper.plug-in"; path = Settings.bundle; sourceTree = "<group>"; };
		72073F6D7E3455465E8619A6 /* ReSwift.framework */ = {isa = PBXFileReference; lastKnownFileType = wrapper.framework; path = ReSwift.framework; sourceTree = "<group>"; };
		793B38B782A0F7730C6A1E49 /* productiondebug.xcconfig */ = {isa = PBXFileReference; lastKnownFileType = text.xcconfig; path = productiondebug.xcconfig; sourceTree = "<group>"; };
		7BE70493FBDECFCB3DF2095D /* SceneDelegate.swift */ = {isa = PBXFileReference; lastKnownFileType = sourcecode.swift; path = SceneDelegate.swift; sourceTree = "<group>"; };
		806AB7996C7E242550196E0D /* Info.plist */ = {isa = PBXFileReference; lastKnownFileType = text.plist; path = Info.plist; sourceTree = "<group>"; };
		84B174B91465F7E23D665C52 /* Pods_IdeaMemoTests.framework */ = {isa = PBXFileReference; explicitFileType = wrapper.framework; includeInIndex = 0; path = Pods_IdeaMemoTests.framework; sourceTree = BUILT_PRODUCTS_DIR; };
		853181A5C6CB3C70D147C7DC /* FavoriteState.swift */ = {isa = PBXFileReference; lastKnownFileType = sourcecode.swift; path = FavoriteState.swift; sourceTree = "<group>"; };
		88E2D72B4735ACB2A15F9B63 /* StoryboardScenes.swift */ = {isa = PBXFileReference; lastKnownFileType = sourcecode.swift; path = StoryboardScenes.swift; sourceTree = "<group>"; };
		8CAF3376B70E633FE620659B /* Pods_IdeaMemo.framework */ = {isa = PBXFileReference; explicitFileType = wrapper.framework; includeInIndex = 0; path = Pods_IdeaMemo.framework; sourceTree = BUILT_PRODUCTS_DIR; };
		914D9E3588E623B2FD1EF979 /* loggingMiddleware.swift */ = {isa = PBXFileReference; lastKnownFileType = sourcecode.swift; path = loggingMiddleware.swift; sourceTree = "<group>"; };
		9419B15E71503150965A0471 /* Assets.swift */ = {isa = PBXFileReference; lastKnownFileType = sourcecode.swift; path = Assets.swift; sourceTree = "<group>"; };
		AF0C7B7AF5A5FBF86623623A /* Pods-IdeaMemo-IdeaMemoUITests.production release.xcconfig */ = {isa = PBXFileReference; includeInIndex = 1; lastKnownFileType = text.xcconfig; name = "Pods-IdeaMemo-IdeaMemoUITests.production release.xcconfig"; path = "Target Support Files/Pods-IdeaMemo-IdeaMemoUITests/Pods-IdeaMemo-IdeaMemoUITests.production release.xcconfig"; sourceTree = "<group>"; };
		B024164F685F269A59D9C98E /* Pods-IdeaMemoTests.production release.xcconfig */ = {isa = PBXFileReference; includeInIndex = 1; lastKnownFileType = text.xcconfig; name = "Pods-IdeaMemoTests.production release.xcconfig"; path = "Target Support Files/Pods-IdeaMemoTests/Pods-IdeaMemoTests.production release.xcconfig"; sourceTree = "<group>"; };
		B5592B6C6115E1BD35D42DEF /* Pods-IdeaMemo.production release.xcconfig */ = {isa = PBXFileReference; includeInIndex = 1; lastKnownFileType = text.xcconfig; name = "Pods-IdeaMemo.production release.xcconfig"; path = "Target Support Files/Pods-IdeaMemo/Pods-IdeaMemo.production release.xcconfig"; sourceTree = "<group>"; };
		B5AACCBF58292FF16B603F32 /* Pods-IdeaMemo-IdeaMemoUITests.staging debug.xcconfig */ = {isa = PBXFileReference; includeInIndex = 1; lastKnownFileType = text.xcconfig; name = "Pods-IdeaMemo-IdeaMemoUITests.staging debug.xcconfig"; path = "Target Support Files/Pods-IdeaMemo-IdeaMemoUITests/Pods-IdeaMemo-IdeaMemoUITests.staging debug.xcconfig"; sourceTree = "<group>"; };
		B762F095276359A32415A53E /* ApplicationStore.swift */ = {isa = PBXFileReference; lastKnownFileType = sourcecode.swift; path = ApplicationStore.swift; sourceTree = "<group>"; };
		B790DB578DFF0F5E2041032B /* Assets.xcassets */ = {isa = PBXFileReference; lastKnownFileType = folder.assetcatalog; path = Assets.xcassets; sourceTree = "<group>"; };
		BA31D5D371642C07953B55A6 /* develop.xcconfig */ = {isa = PBXFileReference; lastKnownFileType = text.xcconfig; path = develop.xcconfig; sourceTree = "<group>"; };
		BBF1958C3712DBBA0C95AC5E /* Pods-IdeaMemoTests.develop debug.xcconfig */ = {isa = PBXFileReference; includeInIndex = 1; lastKnownFileType = text.xcconfig; name = "Pods-IdeaMemoTests.develop debug.xcconfig"; path = "Target Support Files/Pods-IdeaMemoTests/Pods-IdeaMemoTests.develop debug.xcconfig"; sourceTree = "<group>"; };
		BFED114DF5E5D1BFEABA620D /* ApplicationState.swift */ = {isa = PBXFileReference; lastKnownFileType = sourcecode.swift; path = ApplicationState.swift; sourceTree = "<group>"; };
		C02A047A23DF27669B527B74 /* Pods-IdeaMemo.develop release.xcconfig */ = {isa = PBXFileReference; includeInIndex = 1; lastKnownFileType = text.xcconfig; name = "Pods-IdeaMemo.develop release.xcconfig"; path = "Target Support Files/Pods-IdeaMemo/Pods-IdeaMemo.develop release.xcconfig"; sourceTree = "<group>"; };
		C09A481C70987868D6E7800C /* RxCocoa.framework */ = {isa = PBXFileReference; lastKnownFileType = wrapper.framework; path = RxCocoa.framework; sourceTree = "<group>"; };
		C15F1B95831695FAA57DCF05 /* IdeaMemoUITests.swift */ = {isa = PBXFileReference; lastKnownFileType = sourcecode.swift; path = IdeaMemoUITests.swift; sourceTree = "<group>"; };
		C20A20E4DF8DC8B6A440882C /* StoryboardSegues.swift */ = {isa = PBXFileReference; lastKnownFileType = sourcecode.swift; path = StoryboardSegues.swift; sourceTree = "<group>"; };
		C2FB4AB50BC5308039478880 /* IdeaMemo.app */ = {isa = PBXFileReference; explicitFileType = wrapper.application; includeInIndex = 0; path = IdeaMemo.app; sourceTree = BUILT_PRODUCTS_DIR; };
		C40D3ABB8159175287DA65E2 /* Pods-IdeaMemo-IdeaMemoUITests.production debug.xcconfig */ = {isa = PBXFileReference; includeInIndex = 1; lastKnownFileType = text.xcconfig; name = "Pods-IdeaMemo-IdeaMemoUITests.production debug.xcconfig"; path = "Target Support Files/Pods-IdeaMemo-IdeaMemoUITests/Pods-IdeaMemo-IdeaMemoUITests.production debug.xcconfig"; sourceTree = "<group>"; };
		CC5B48305149999B7823AD87 /* Preview Assets.xcassets */ = {isa = PBXFileReference; lastKnownFileType = folder.assetcatalog; path = "Preview Assets.xcassets"; sourceTree = "<group>"; };
		CCA57356DAD35CAC71B68BD3 /* Pods-IdeaMemo-IdeaMemoUITests.develop release.xcconfig */ = {isa = PBXFileReference; includeInIndex = 1; lastKnownFileType = text.xcconfig; name = "Pods-IdeaMemo-IdeaMemoUITests.develop release.xcconfig"; path = "Target Support Files/Pods-IdeaMemo-IdeaMemoUITests/Pods-IdeaMemo-IdeaMemoUITests.develop release.xcconfig"; sourceTree = "<group>"; };
		D0C74BD9340DF26BF05E8A7C /* RxStore.swift */ = {isa = PBXFileReference; lastKnownFileType = sourcecode.swift; path = RxStore.swift; sourceTree = "<group>"; };
		D7E1A2EFA6955B0DA9048170 /* SampleModel.swift */ = {isa = PBXFileReference; lastKnownFileType = sourcecode.swift; path = SampleModel.swift; sourceTree = "<group>"; };
		DCC80328D1C2C9B7EC5A4B8C /* Localizable.strings */ = {isa = PBXFileReference; lastKnownFileType = text.plist.strings; path = Localizable.strings; sourceTree = "<group>"; };
		DCFF06EDE609D69C5433FE8F /* AppDelegate.swift */ = {isa = PBXFileReference; lastKnownFileType = sourcecode.swift; path = AppDelegate.swift; sourceTree = "<group>"; };
		DD7FEEAF3007C9A84B2A9F24 /* Pods_IdeaMemo_IdeaMemoUITests.framework */ = {isa = PBXFileReference; explicitFileType = wrapper.framework; includeInIndex = 0; path = Pods_IdeaMemo_IdeaMemoUITests.framework; sourceTree = BUILT_PRODUCTS_DIR; };
		E9040ADBD78524AE93613653 /* Pods-IdeaMemo.staging release.xcconfig */ = {isa = PBXFileReference; includeInIndex = 1; lastKnownFileType = text.xcconfig; name = "Pods-IdeaMemo.staging release.xcconfig"; path = "Target Support Files/Pods-IdeaMemo/Pods-IdeaMemo.staging release.xcconfig"; sourceTree = "<group>"; };
		F7E85E7FCD8A3A8AD4AE6608 /* Pods-IdeaMemoTests.staging release.xcconfig */ = {isa = PBXFileReference; includeInIndex = 1; lastKnownFileType = text.xcconfig; name = "Pods-IdeaMemoTests.staging release.xcconfig"; path = "Target Support Files/Pods-IdeaMemoTests/Pods-IdeaMemoTests.staging release.xcconfig"; sourceTree = "<group>"; };
		FD33CDC9053B3E7C905FDC8C /* Pods-IdeaMemo-IdeaMemoUITests.develop debug.xcconfig */ = {isa = PBXFileReference; includeInIndex = 1; lastKnownFileType = text.xcconfig; name = "Pods-IdeaMemo-IdeaMemoUITests.develop debug.xcconfig"; path = "Target Support Files/Pods-IdeaMemo-IdeaMemoUITests/Pods-IdeaMemo-IdeaMemoUITests.develop debug.xcconfig"; sourceTree = "<group>"; };
		FD8AC293BEC23AEB26484FEE /* Base */ = {isa = PBXFileReference; lastKnownFileType = file.storyboard; name = Base; path = Base.lproj/LaunchScreen.storyboard; sourceTree = "<group>"; };
		FE74F23C0215B9E352FD5859 /* stagingdebug.xcconfig */ = {isa = PBXFileReference; lastKnownFileType = text.xcconfig; path = stagingdebug.xcconfig; sourceTree = "<group>"; };
/* End PBXFileReference section */

/* Begin PBXFrameworksBuildPhase section */
		3AE0B54B1C484FF03122CD10 /* Frameworks */ = {
			isa = PBXFrameworksBuildPhase;
			buildActionMask = 2147483647;
			files = (
				0095CE14E1B863988506EAD3 /* Pods_IdeaMemo_IdeaMemoUITests.framework in Frameworks */,
			);
			runOnlyForDeploymentPostprocessing = 0;
		};
		783DA991F8C71267928ED3CE /* Frameworks */ = {
			isa = PBXFrameworksBuildPhase;
			buildActionMask = 2147483647;
			files = (
				3DB4340F69478133C867556D /* Pods_IdeaMemoTests.framework in Frameworks */,
			);
			runOnlyForDeploymentPostprocessing = 0;
		};
		80FFE843D0A4BB510B912676 /* Frameworks */ = {
			isa = PBXFrameworksBuildPhase;
			buildActionMask = 2147483647;
			files = (
				9D3FA8BBB3D5D54FFE7AB5C6 /* RxSwift.framework in Frameworks */,
				DBB5038B0522FC24C357611A /* ReSwift.framework in Frameworks */,
				6AC11DAE4A4A803815EB46EF /* RxCocoa.framework in Frameworks */,
				B3E1F545B524F6CFA25C7143 /* RxRelay.framework in Frameworks */,
				9230C775095EA992D4952980 /* Pods_IdeaMemo.framework in Frameworks */,
			);
			runOnlyForDeploymentPostprocessing = 0;
		};
/* End PBXFrameworksBuildPhase section */

/* Begin PBXGroup section */
		028C1045D3E42EDB41FDEB5B /* Supporting Files */ = {
			isa = PBXGroup;
			children = (
				02638CD02F7DF8BC8C1157E2 /* Info.plist */,
			);
			path = "Supporting Files";
			sourceTree = "<group>";
		};
		0501ED88277069C294395FEE /* Supporting Files */ = {
			isa = PBXGroup;
			children = (
				806AB7996C7E242550196E0D /* Info.plist */,
			);
			path = "Supporting Files";
			sourceTree = "<group>";
		};
		15A750A39009E5300CB90392 /* IdeaMemo */ = {
			isa = PBXGroup;
			children = (
				DCFF06EDE609D69C5433FE8F /* AppDelegate.swift */,
				7BE70493FBDECFCB3DF2095D /* SceneDelegate.swift */,
				705660BA1DCA20B4CF3511C8 /* Storyboard */,
				BCBE15CDA96F13A74D04BA92 /* ViewController */,
				368F3EF181C5E4DA0D229BCD /* View */,
				F3C73AE6974E538B20EF1660 /* Redux */,
				39BAA2C868ECC87A815F2C35 /* Model */,
				1736D38E2E32B4A205950E50 /* Resources */,
				028C1045D3E42EDB41FDEB5B /* Supporting Files */,
				40CFA42B319F047AB2D1304E /* Preview Content */,
			);
			path = IdeaMemo;
			sourceTree = "<group>";
		};
		1736D38E2E32B4A205950E50 /* Resources */ = {
			isa = PBXGroup;
			children = (
				B790DB578DFF0F5E2041032B /* Assets.xcassets */,
				6D4F8064F7BCD20F40EB8B01 /* Settings.bundle */,
				46437625C69BB8E0ADB628B1 /* Generated */,
				E4952579CB093A199FFCE411 /* Strings */,
			);
			path = Resources;
			sourceTree = "<group>";
		};
		2C9AE24A1CD0B41883B311C5 /* IdeaMemoTests */ = {
			isa = PBXGroup;
			children = (
				095585C3D22A30DFF91963D6 /* IdeaMemoTests.swift */,
				EE7D8E29AA61E9F615F1E008 /* Supporting Files */,
			);
			path = IdeaMemoTests;
			sourceTree = "<group>";
		};
		31CD14FCC7757B903484F9AA /* Middleware */ = {
			isa = PBXGroup;
			children = (
				914D9E3588E623B2FD1EF979 /* loggingMiddleware.swift */,
			);
			path = Middleware;
			sourceTree = "<group>";
		};
		368F3EF181C5E4DA0D229BCD /* View */ = {
			isa = PBXGroup;
			children = (
				52E2A94246F0FF94DED8EA89 /* ContentView.swift */,
			);
			path = View;
			sourceTree = "<group>";
		};
		371D5FF91C3F467A8F02F398 /* Reducer */ = {
			isa = PBXGroup;
			children = (
				5C9DD364C68C50A996782ECE /* ApplicationReducer.swift */,
				44BEE59C45B94CF5E419420D /* FavoriteStateReducer.swift */,
			);
			path = Reducer;
			sourceTree = "<group>";
		};
		39BAA2C868ECC87A815F2C35 /* Model */ = {
			isa = PBXGroup;
			children = (
				D7E1A2EFA6955B0DA9048170 /* SampleModel.swift */,
			);
			path = Model;
			sourceTree = "<group>";
		};
		40CFA42B319F047AB2D1304E /* Preview Content */ = {
			isa = PBXGroup;
			children = (
				CC5B48305149999B7823AD87 /* Preview Assets.xcassets */,
			);
			path = "Preview Content";
			sourceTree = "<group>";
		};
		46437625C69BB8E0ADB628B1 /* Generated */ = {
			isa = PBXGroup;
			children = (
				9419B15E71503150965A0471 /* Assets.swift */,
				3EDFCD4D218C7AB794CDAF63 /* LocalizableStrings.swift */,
				88E2D72B4735ACB2A15F9B63 /* StoryboardScenes.swift */,
				C20A20E4DF8DC8B6A440882C /* StoryboardSegues.swift */,
			);
			path = Generated;
			sourceTree = "<group>";
		};
		6149F6745AF0A8B23D7251E7 /* IdeaMemoUITests */ = {
			isa = PBXGroup;
			children = (
				C15F1B95831695FAA57DCF05 /* IdeaMemoUITests.swift */,
				0501ED88277069C294395FEE /* Supporting Files */,
			);
			path = IdeaMemoUITests;
			sourceTree = "<group>";
		};
		61C1A32172FF6C07ADFFB63B = {
			isa = PBXGroup;
			children = (
				15A750A39009E5300CB90392 /* IdeaMemo */,
				BA6A2B2410573A9DB2C3B746 /* Configurations */,
				2C9AE24A1CD0B41883B311C5 /* IdeaMemoTests */,
				6149F6745AF0A8B23D7251E7 /* IdeaMemoUITests */,
				A8B082BF310AFE1C7318E52A /* Frameworks */,
				AC5C2A906D0941FF1177DDB4 /* Products */,
				D4CEABE614A658E19EB256D0 /* Pods */,
			);
			sourceTree = "<group>";
		};
		705660BA1DCA20B4CF3511C8 /* Storyboard */ = {
			isa = PBXGroup;
			children = (
				84C169B6538C66A6F3DD7B60 /* LaunchScreen.storyboard */,
			);
			path = Storyboard;
			sourceTree = "<group>";
		};
		772EEA056913504F7B94D293 /* Store */ = {
			isa = PBXGroup;
			children = (
				B762F095276359A32415A53E /* ApplicationStore.swift */,
				D0C74BD9340DF26BF05E8A7C /* RxStore.swift */,
			);
			path = Store;
			sourceTree = "<group>";
		};
		906A52B8B6F92BF5032D7399 /* Action */ = {
			isa = PBXGroup;
			children = (
				5BADCDACD194C8D940C98059 /* ApplicationActions.swift */,
				05640EF75E261B82C01DD39F /* FavoriteActions.swift */,
			);
			path = Action;
			sourceTree = "<group>";
		};
		93B418D92CC37B6F88C45F9B /* State */ = {
			isa = PBXGroup;
			children = (
				BFED114DF5E5D1BFEABA620D /* ApplicationState.swift */,
				853181A5C6CB3C70D147C7DC /* FavoriteState.swift */,
			);
			path = State;
			sourceTree = "<group>";
		};
		A8B082BF310AFE1C7318E52A /* Frameworks */ = {
			isa = PBXGroup;
			children = (
				EFBB505D3987D4ADB830A8F4 /* Carthage */,
				8CAF3376B70E633FE620659B /* Pods_IdeaMemo.framework */,
				DD7FEEAF3007C9A84B2A9F24 /* Pods_IdeaMemo_IdeaMemoUITests.framework */,
				84B174B91465F7E23D665C52 /* Pods_IdeaMemoTests.framework */,
			);
			name = Frameworks;
			sourceTree = "<group>";
		};
		AC5C2A906D0941FF1177DDB4 /* Products */ = {
			isa = PBXGroup;
			children = (
				C2FB4AB50BC5308039478880 /* IdeaMemo.app */,
				41D560B8E9AB6A8477695DF4 /* IdeaMemoTests.xctest */,
				3790CC9D18D4DF19AE709EDB /* IdeaMemoUITests.xctest */,
			);
			name = Products;
			sourceTree = "<group>";
		};
		BA6A2B2410573A9DB2C3B746 /* Configurations */ = {
			isa = PBXGroup;
			children = (
				BA31D5D371642C07953B55A6 /* develop.xcconfig */,
				55A78D6B09F88C52AE871C09 /* developdebug.xcconfig */,
				4BC05D1D802F721FBE88D540 /* production.xcconfig */,
				793B38B782A0F7730C6A1E49 /* productiondebug.xcconfig */,
				6947397F6DE1617E23FADDC1 /* staging.xcconfig */,
				FE74F23C0215B9E352FD5859 /* stagingdebug.xcconfig */,
			);
			path = Configurations;
			sourceTree = "<group>";
		};
		BCBE15CDA96F13A74D04BA92 /* ViewController */ = {
			isa = PBXGroup;
			children = (
				134DA8E2726375808241D42C /* SampleViewController.swift */,
			);
			path = ViewController;
			sourceTree = "<group>";
		};
		D4CEABE614A658E19EB256D0 /* Pods */ = {
			isa = PBXGroup;
			children = (
				0CC128FF6FADF0CA96A93D10 /* Pods-IdeaMemo.develop debug.xcconfig */,
				C02A047A23DF27669B527B74 /* Pods-IdeaMemo.develop release.xcconfig */,
				514B6D2B1210A7C74FB6B325 /* Pods-IdeaMemo.production debug.xcconfig */,
				B5592B6C6115E1BD35D42DEF /* Pods-IdeaMemo.production release.xcconfig */,
				3CA31CD5CA382085322AF5CA /* Pods-IdeaMemo.staging debug.xcconfig */,
				E9040ADBD78524AE93613653 /* Pods-IdeaMemo.staging release.xcconfig */,
				FD33CDC9053B3E7C905FDC8C /* Pods-IdeaMemo-IdeaMemoUITests.develop debug.xcconfig */,
				CCA57356DAD35CAC71B68BD3 /* Pods-IdeaMemo-IdeaMemoUITests.develop release.xcconfig */,
				C40D3ABB8159175287DA65E2 /* Pods-IdeaMemo-IdeaMemoUITests.production debug.xcconfig */,
				AF0C7B7AF5A5FBF86623623A /* Pods-IdeaMemo-IdeaMemoUITests.production release.xcconfig */,
				B5AACCBF58292FF16B603F32 /* Pods-IdeaMemo-IdeaMemoUITests.staging debug.xcconfig */,
				698681C9D2154FB6358BE746 /* Pods-IdeaMemo-IdeaMemoUITests.staging release.xcconfig */,
				BBF1958C3712DBBA0C95AC5E /* Pods-IdeaMemoTests.develop debug.xcconfig */,
				3BDC8F026E1789D38B282798 /* Pods-IdeaMemoTests.develop release.xcconfig */,
				2AB17559EAC2CDC1AA71920F /* Pods-IdeaMemoTests.production debug.xcconfig */,
				B024164F685F269A59D9C98E /* Pods-IdeaMemoTests.production release.xcconfig */,
				411BAF326BAD7770B1E14227 /* Pods-IdeaMemoTests.staging debug.xcconfig */,
				F7E85E7FCD8A3A8AD4AE6608 /* Pods-IdeaMemoTests.staging release.xcconfig */,
			);
			path = Pods;
			sourceTree = "<group>";
		};
		DC4E7D5B53DEC44CB4957697 /* iOS */ = {
			isa = PBXGroup;
			children = (
				72073F6D7E3455465E8619A6 /* ReSwift.framework */,
				C09A481C70987868D6E7800C /* RxCocoa.framework */,
				30FA19D16F3DA0599A6A71CB /* RxRelay.framework */,
				0DAB8F1F8AA3BBDD7C6DB99B /* RxSwift.framework */,
			);
			path = iOS;
			sourceTree = "<group>";
		};
		E4952579CB093A199FFCE411 /* Strings */ = {
			isa = PBXGroup;
			children = (
				DCC80328D1C2C9B7EC5A4B8C /* Localizable.strings */,
			);
			path = Strings;
			sourceTree = "<group>";
		};
		EE7D8E29AA61E9F615F1E008 /* Supporting Files */ = {
			isa = PBXGroup;
			children = (
				46481011B6033A4C39E90BE2 /* Info.plist */,
			);
			path = "Supporting Files";
			sourceTree = "<group>";
		};
		EFBB505D3987D4ADB830A8F4 /* Carthage */ = {
			isa = PBXGroup;
			children = (
				DC4E7D5B53DEC44CB4957697 /* iOS */,
			);
			name = Carthage;
			path = Carthage/Build;
			sourceTree = "<group>";
		};
		F3C73AE6974E538B20EF1660 /* Redux */ = {
			isa = PBXGroup;
			children = (
				772EEA056913504F7B94D293 /* Store */,
				93B418D92CC37B6F88C45F9B /* State */,
				906A52B8B6F92BF5032D7399 /* Action */,
				371D5FF91C3F467A8F02F398 /* Reducer */,
				31CD14FCC7757B903484F9AA /* Middleware */,
			);
			path = Redux;
			sourceTree = "<group>";
		};
/* End PBXGroup section */

/* Begin PBXNativeTarget section */
		5350E01788241836C721CD2C /* IdeaMemoUITests */ = {
			isa = PBXNativeTarget;
			buildConfigurationList = F7D643A888DAD9A64B708AB4 /* Build configuration list for PBXNativeTarget "IdeaMemoUITests" */;
			buildPhases = (
				B3D4649183EA9060120F1F01 /* [CP] Check Pods Manifest.lock */,
				76F2E04D3368DAAA83D943EB /* Sources */,
				2434344312C9B3B7AC9C18C1 /* Embed Frameworks */,
				3AE0B54B1C484FF03122CD10 /* Frameworks */,
			);
			buildRules = (
			);
			dependencies = (
				B10068C7542E3197B185E368 /* PBXTargetDependency */,
			);
			name = IdeaMemoUITests;
			productName = IdeaMemoUITests;
			productReference = 3790CC9D18D4DF19AE709EDB /* IdeaMemoUITests.xctest */;
			productType = "com.apple.product-type.bundle.ui-testing";
		};
		63A199A3BDB8D02B08C67B00 /* IdeaMemo */ = {
			isa = PBXNativeTarget;
			buildConfigurationList = DF97BA20A4988124EDBE1E8F /* Build configuration list for PBXNativeTarget "IdeaMemo" */;
			buildPhases = (
				5F3CFC4E2B079B21D306B50F /* [CP] Check Pods Manifest.lock */,
				711A65394867B326F3B70B62 /* Run SwiftGen */,
				247D0ABD4DC49A1B6FA3D697 /* Sources */,
				0604F53AE3AD5C8F179C12A2 /* Run SwiftLint */,
				9A4EBD70D78A3DD09EAFCB15 /* Resources */,
				31C3A6FD9883B3B8634D2F65 /* Carthage */,
				80FFE843D0A4BB510B912676 /* Frameworks */,
			);
			buildRules = (
			);
			dependencies = (
			);
			name = IdeaMemo;
			productName = IdeaMemo;
			productReference = C2FB4AB50BC5308039478880 /* IdeaMemo.app */;
			productType = "com.apple.product-type.application";
		};
		95BCAC0EE92965E1E10DEF29 /* IdeaMemoTests */ = {
			isa = PBXNativeTarget;
			buildConfigurationList = F618ECBC9AF1A9990A94C750 /* Build configuration list for PBXNativeTarget "IdeaMemoTests" */;
			buildPhases = (
				5268DA1017C29938D49EF871 /* [CP] Check Pods Manifest.lock */,
				76AE94823AAE2A44F37C5A25 /* Sources */,
				C973D0452D7DB2D0A42505F2 /* Embed Frameworks */,
				783DA991F8C71267928ED3CE /* Frameworks */,
			);
			buildRules = (
			);
			dependencies = (
				E0EDB800D6BEB0408B09B443 /* PBXTargetDependency */,
			);
			name = IdeaMemoTests;
			productName = IdeaMemoTests;
			productReference = 41D560B8E9AB6A8477695DF4 /* IdeaMemoTests.xctest */;
			productType = "com.apple.product-type.bundle.unit-test";
		};
/* End PBXNativeTarget section */

/* Begin PBXProject section */
		3A5791CD6FA96286ABC9001B /* Project object */ = {
			isa = PBXProject;
			attributes = {
				LastUpgradeCheck = 1200;
				TargetAttributes = {
					5350E01788241836C721CD2C = {
						DevelopmentTeam = P55D3D23US;
						ProvisioningStyle = Automatic;
						TestTargetID = 63A199A3BDB8D02B08C67B00;
					};
					63A199A3BDB8D02B08C67B00 = {
						ProvisioningStyle = Manual;
					};
					95BCAC0EE92965E1E10DEF29 = {
						DevelopmentTeam = P55D3D23US;
						ProvisioningStyle = Automatic;
					};
				};
			};
			buildConfigurationList = 265CE146B86BD46A21707D9D /* Build configuration list for PBXProject "IdeaMemo" */;
			compatibilityVersion = "Xcode 10.0";
			developmentRegion = ja;
			hasScannedForEncodings = 0;
			knownRegions = (
				Base,
				ja,
			);
			mainGroup = 61C1A32172FF6C07ADFFB63B;
			productRefGroup = AC5C2A906D0941FF1177DDB4 /* Products */;
			projectDirPath = "";
			projectRoot = "";
			targets = (
				63A199A3BDB8D02B08C67B00 /* IdeaMemo */,
				95BCAC0EE92965E1E10DEF29 /* IdeaMemoTests */,
				5350E01788241836C721CD2C /* IdeaMemoUITests */,
			);
		};
/* End PBXProject section */

/* Begin PBXResourcesBuildPhase section */
		9A4EBD70D78A3DD09EAFCB15 /* Resources */ = {
			isa = PBXResourcesBuildPhase;
			buildActionMask = 2147483647;
			files = (
				4119F7DBA5A556E37689ECBC /* Assets.xcassets in Resources */,
				1869B157DB4D10F37884DF75 /* LaunchScreen.storyboard in Resources */,
				0EEE458C34CF790F42C444D1 /* Localizable.strings in Resources */,
				F05D310798E9E442241C8563 /* Preview Assets.xcassets in Resources */,
				584954BBEA7458FF34B23479 /* Settings.bundle in Resources */,
			);
			runOnlyForDeploymentPostprocessing = 0;
		};
/* End PBXResourcesBuildPhase section */

/* Begin PBXShellScriptBuildPhase section */
		0604F53AE3AD5C8F179C12A2 /* Run SwiftLint */ = {
			isa = PBXShellScriptBuildPhase;
			buildActionMask = 2147483647;
			files = (
			);
			inputFileListPaths = (
			);
			inputPaths = (
			);
			name = "Run SwiftLint";
			outputFileListPaths = (
			);
			outputPaths = (
			);
			runOnlyForDeploymentPostprocessing = 0;
			shellPath = /bin/sh;
			shellScript = "if which swiftlint >/dev/null; then\n  swiftlint\nelse\n  echo \"warning: SwiftLint not installed, download from https://github.com/realm/SwiftLint\"\nfi\n";
		};
		31C3A6FD9883B3B8634D2F65 /* Carthage */ = {
			isa = PBXShellScriptBuildPhase;
			buildActionMask = 2147483647;
			files = (
			);
			inputPaths = (
				"$(SRCROOT)/Carthage/Build/iOS/ReSwift.framework",
				"$(SRCROOT)/Carthage/Build/iOS/RxCocoa.framework",
				"$(SRCROOT)/Carthage/Build/iOS/RxRelay.framework",
				"$(SRCROOT)/Carthage/Build/iOS/RxSwift.framework",
			);
			name = Carthage;
			outputPaths = (
				"$(BUILT_PRODUCTS_DIR)/$(FRAMEWORKS_FOLDER_PATH)/ReSwift.framework",
				"$(BUILT_PRODUCTS_DIR)/$(FRAMEWORKS_FOLDER_PATH)/RxCocoa.framework",
				"$(BUILT_PRODUCTS_DIR)/$(FRAMEWORKS_FOLDER_PATH)/RxRelay.framework",
				"$(BUILT_PRODUCTS_DIR)/$(FRAMEWORKS_FOLDER_PATH)/RxSwift.framework",
			);
			runOnlyForDeploymentPostprocessing = 0;
			shellPath = /bin/sh;
			shellScript = "carthage copy-frameworks\n";
		};
		5268DA1017C29938D49EF871 /* [CP] Check Pods Manifest.lock */ = {
			isa = PBXShellScriptBuildPhase;
			buildActionMask = 2147483647;
			files = (
			);
			inputFileListPaths = (
			);
			inputPaths = (
				"${PODS_PODFILE_DIR_PATH}/Podfile.lock",
				"${PODS_ROOT}/Manifest.lock",
			);
			name = "[CP] Check Pods Manifest.lock";
			outputFileListPaths = (
			);
			outputPaths = (
				"$(DERIVED_FILE_DIR)/Pods-IdeaMemoTests-checkManifestLockResult.txt",
			);
			runOnlyForDeploymentPostprocessing = 0;
			shellPath = /bin/sh;
			shellScript = "diff \"${PODS_PODFILE_DIR_PATH}/Podfile.lock\" \"${PODS_ROOT}/Manifest.lock\" > /dev/null\nif [ $? != 0 ] ; then\n    # print error to STDERR\n    echo \"error: The sandbox is not in sync with the Podfile.lock. Run 'pod install' or update your CocoaPods installation.\" >&2\n    exit 1\nfi\n# This output is used by Xcode 'outputs' to avoid re-running this script phase.\necho \"SUCCESS\" > \"${SCRIPT_OUTPUT_FILE_0}\"\n";
			showEnvVarsInLog = 0;
		};
		5F3CFC4E2B079B21D306B50F /* [CP] Check Pods Manifest.lock */ = {
			isa = PBXShellScriptBuildPhase;
			buildActionMask = 2147483647;
			files = (
			);
			inputFileListPaths = (
			);
			inputPaths = (
				"${PODS_PODFILE_DIR_PATH}/Podfile.lock",
				"${PODS_ROOT}/Manifest.lock",
			);
			name = "[CP] Check Pods Manifest.lock";
			outputFileListPaths = (
			);
			outputPaths = (
				"$(DERIVED_FILE_DIR)/Pods-IdeaMemo-checkManifestLockResult.txt",
			);
			runOnlyForDeploymentPostprocessing = 0;
			shellPath = /bin/sh;
			shellScript = "diff \"${PODS_PODFILE_DIR_PATH}/Podfile.lock\" \"${PODS_ROOT}/Manifest.lock\" > /dev/null\nif [ $? != 0 ] ; then\n    # print error to STDERR\n    echo \"error: The sandbox is not in sync with the Podfile.lock. Run 'pod install' or update your CocoaPods installation.\" >&2\n    exit 1\nfi\n# This output is used by Xcode 'outputs' to avoid re-running this script phase.\necho \"SUCCESS\" > \"${SCRIPT_OUTPUT_FILE_0}\"\n";
			showEnvVarsInLog = 0;
		};
		711A65394867B326F3B70B62 /* Run SwiftGen */ = {
			isa = PBXShellScriptBuildPhase;
			buildActionMask = 2147483647;
			files = (
			);
			inputFileListPaths = (
			);
			inputPaths = (
			);
			name = "Run SwiftGen";
			outputFileListPaths = (
			);
			outputPaths = (
				"$(SRCROOT)/IdeaMemo/Resources/Generated/LocalizableStrings.swift",
				"$(SRCROOT)/IdeaMemo/Resources/Generated/StoryboardScenes.swift",
				"$(SRCROOT)/IdeaMemo/Resources/Generated/StoryboardSegues.swift",
				"$(SRCROOT)/IdeaMemo/Resources/Generated/Assets.swift",
			);
			runOnlyForDeploymentPostprocessing = 0;
			shellPath = /bin/sh;
			shellScript = "${PODS_ROOT}/SwiftGen/bin/swiftgen";
		};
		B3D4649183EA9060120F1F01 /* [CP] Check Pods Manifest.lock */ = {
			isa = PBXShellScriptBuildPhase;
			buildActionMask = 2147483647;
			files = (
			);
			inputFileListPaths = (
			);
			inputPaths = (
				"${PODS_PODFILE_DIR_PATH}/Podfile.lock",
				"${PODS_ROOT}/Manifest.lock",
			);
			name = "[CP] Check Pods Manifest.lock";
			outputFileListPaths = (
			);
			outputPaths = (
				"$(DERIVED_FILE_DIR)/Pods-IdeaMemo-IdeaMemoUITests-checkManifestLockResult.txt",
			);
			runOnlyForDeploymentPostprocessing = 0;
			shellPath = /bin/sh;
			shellScript = "diff \"${PODS_PODFILE_DIR_PATH}/Podfile.lock\" \"${PODS_ROOT}/Manifest.lock\" > /dev/null\nif [ $? != 0 ] ; then\n    # print error to STDERR\n    echo \"error: The sandbox is not in sync with the Podfile.lock. Run 'pod install' or update your CocoaPods installation.\" >&2\n    exit 1\nfi\n# This output is used by Xcode 'outputs' to avoid re-running this script phase.\necho \"SUCCESS\" > \"${SCRIPT_OUTPUT_FILE_0}\"\n";
			showEnvVarsInLog = 0;
		};
/* End PBXShellScriptBuildPhase section */

/* Begin PBXSourcesBuildPhase section */
		247D0ABD4DC49A1B6FA3D697 /* Sources */ = {
			isa = PBXSourcesBuildPhase;
			buildActionMask = 2147483647;
			files = (
				03E444E701CA28F8D93E8E37 /* AppDelegate.swift in Sources */,
				589559B5F0CA201A75E17915 /* ApplicationActions.swift in Sources */,
				E2C2ED68B1C81B5E9A7A985E /* ApplicationReducer.swift in Sources */,
				30E1BA6999A1A12E60226792 /* ApplicationState.swift in Sources */,
				CDD0FD7666139C590D2EE302 /* ApplicationStore.swift in Sources */,
				FE3BF89832527142CEC1CA1E /* Assets.swift in Sources */,
				1554F0AD4695E4E4B389EC82 /* ContentView.swift in Sources */,
				A3852FE9093F45278D0BDE9E /* FavoriteActions.swift in Sources */,
				71B67D27D54CCBC2F779036D /* FavoriteState.swift in Sources */,
				9CBFEBAB046D3B4024AE4D32 /* FavoriteStateReducer.swift in Sources */,
				C6ABF2D3BE8FB50C08648189 /* LocalizableStrings.swift in Sources */,
				06238AEB02BB4606AA8A9A8F /* RxStore.swift in Sources */,
				EBA115D9FF117AAE217C578E /* SampleModel.swift in Sources */,
				AF8436EADF48C742065F8947 /* SampleViewController.swift in Sources */,
				53B215F39632783628D1A4E4 /* SceneDelegate.swift in Sources */,
				97C77DBA6CB01367CDFE2E7A /* StoryboardScenes.swift in Sources */,
				0E6F2C8CA36D6BA28BE0CA33 /* StoryboardSegues.swift in Sources */,
				770CCFBC76362B8D8E2651F4 /* loggingMiddleware.swift in Sources */,
			);
			runOnlyForDeploymentPostprocessing = 0;
		};
		76AE94823AAE2A44F37C5A25 /* Sources */ = {
			isa = PBXSourcesBuildPhase;
			buildActionMask = 2147483647;
			files = (
				3CEFFD72B5F48D5995F56A91 /* IdeaMemoTests.swift in Sources */,
			);
			runOnlyForDeploymentPostprocessing = 0;
		};
		76F2E04D3368DAAA83D943EB /* Sources */ = {
			isa = PBXSourcesBuildPhase;
			buildActionMask = 2147483647;
			files = (
				27D1D31062BD58F32EE70B2C /* IdeaMemoUITests.swift in Sources */,
			);
			runOnlyForDeploymentPostprocessing = 0;
		};
/* End PBXSourcesBuildPhase section */

/* Begin PBXTargetDependency section */
		B10068C7542E3197B185E368 /* PBXTargetDependency */ = {
			isa = PBXTargetDependency;
			target = 63A199A3BDB8D02B08C67B00 /* IdeaMemo */;
			targetProxy = 79B26C8B3315037D0F517C2A /* PBXContainerItemProxy */;
		};
		E0EDB800D6BEB0408B09B443 /* PBXTargetDependency */ = {
			isa = PBXTargetDependency;
			target = 63A199A3BDB8D02B08C67B00 /* IdeaMemo */;
			targetProxy = 3A747A128742BDF4442CD844 /* PBXContainerItemProxy */;
		};
/* End PBXTargetDependency section */

/* Begin PBXVariantGroup section */
		84C169B6538C66A6F3DD7B60 /* LaunchScreen.storyboard */ = {
			isa = PBXVariantGroup;
			children = (
				FD8AC293BEC23AEB26484FEE /* Base */,
			);
			name = LaunchScreen.storyboard;
			sourceTree = "<group>";
		};
/* End PBXVariantGroup section */

/* Begin XCBuildConfiguration section */
		101D8057DA2ACF4A1B7CB4D4 /* Production Release */ = {
			isa = XCBuildConfiguration;
			baseConfigurationReference = 4BC05D1D802F721FBE88D540 /* production.xcconfig */;
			buildSettings = {
				ALWAYS_SEARCH_USER_PATHS = NO;
				CLANG_ANALYZER_LOCALIZABILITY_NONLOCALIZED = YES;
				CLANG_ANALYZER_NONNULL = YES;
				CLANG_ANALYZER_NUMBER_OBJECT_CONVERSION = YES_AGGRESSIVE;
				CLANG_CXX_LANGUAGE_STANDARD = "gnu++14";
				CLANG_CXX_LIBRARY = "libc++";
				CLANG_ENABLE_MODULES = YES;
				CLANG_ENABLE_OBJC_ARC = YES;
				CLANG_ENABLE_OBJC_WEAK = YES;
				CLANG_WARN_BLOCK_CAPTURE_AUTORELEASING = YES;
				CLANG_WARN_BOOL_CONVERSION = YES;
				CLANG_WARN_COMMA = YES;
				CLANG_WARN_CONSTANT_CONVERSION = YES;
				CLANG_WARN_DEPRECATED_OBJC_IMPLEMENTATIONS = YES;
				CLANG_WARN_DIRECT_OBJC_ISA_USAGE = YES_ERROR;
				CLANG_WARN_DOCUMENTATION_COMMENTS = YES;
				CLANG_WARN_EMPTY_BODY = YES;
				CLANG_WARN_ENUM_CONVERSION = YES;
				CLANG_WARN_INFINITE_RECURSION = YES;
				CLANG_WARN_INT_CONVERSION = YES;
				CLANG_WARN_NON_LITERAL_NULL_CONVERSION = YES;
				CLANG_WARN_OBJC_IMPLICIT_RETAIN_SELF = YES;
				CLANG_WARN_OBJC_LITERAL_CONVERSION = YES;
				CLANG_WARN_OBJC_ROOT_CLASS = YES_ERROR;
				CLANG_WARN_QUOTED_INCLUDE_IN_FRAMEWORK_HEADER = YES;
				CLANG_WARN_RANGE_LOOP_ANALYSIS = YES;
				CLANG_WARN_STRICT_PROTOTYPES = YES;
				CLANG_WARN_SUSPICIOUS_MOVE = YES;
				CLANG_WARN_UNGUARDED_AVAILABILITY = YES_AGGRESSIVE;
				CLANG_WARN_UNREACHABLE_CODE = YES;
				CLANG_WARN__DUPLICATE_METHOD_MATCH = YES;
				COPY_PHASE_STRIP = NO;
				DEBUG_INFORMATION_FORMAT = "dwarf-with-dsym";
				ENABLE_NS_ASSERTIONS = NO;
				ENABLE_STRICT_OBJC_MSGSEND = YES;
				GCC_C_LANGUAGE_STANDARD = gnu11;
				GCC_NO_COMMON_BLOCKS = YES;
				GCC_WARN_64_TO_32_BIT_CONVERSION = YES;
				GCC_WARN_ABOUT_RETURN_TYPE = YES_ERROR;
				GCC_WARN_UNDECLARED_SELECTOR = YES;
				GCC_WARN_UNINITIALIZED_AUTOS = YES_AGGRESSIVE;
				GCC_WARN_UNUSED_FUNCTION = YES;
				GCC_WARN_UNUSED_VARIABLE = YES;
				IPHONEOS_DEPLOYMENT_TARGET = 13.0;
				MTL_ENABLE_DEBUG_INFO = NO;
				MTL_FAST_MATH = YES;
				PRODUCT_NAME = "$(TARGET_NAME)";
				SDKROOT = iphoneos;
				SWIFT_COMPILATION_MODE = wholemodule;
				SWIFT_OPTIMIZATION_LEVEL = "-O";
				SWIFT_VERSION = 5.0;
				TARGETED_DEVICE_FAMILY = 1;
				VERSIONING_SYSTEM = "apple-generic";
			};
			name = "Production Release";
		};
		468B8BCD8F01520F9A9FD912 /* Production Release */ = {
			isa = XCBuildConfiguration;
			baseConfigurationReference = B5592B6C6115E1BD35D42DEF /* Pods-IdeaMemo.production release.xcconfig */;
			buildSettings = {
				ASSETCATALOG_COMPILER_APPICON_NAME = AppIcon;
				CODE_SIGN_IDENTITY = "Apple Distribution";
				CODE_SIGN_STYLE = Manual;
				CURRENT_PROJECT_VERSION = 2;
				DEVELOPMENT_TEAM = P55D3D23US;
				DYLIB_CURRENT_VERSION = 2;
				FRAMEWORK_SEARCH_PATHS = (
					"$(inherited)",
					"$(PROJECT_DIR)/Carthage/Build/iOS",
				);
				INFOPLIST_FILE = "IdeaMemo/Supporting Files/Info.plist";
				IPHONEOS_DEPLOYMENT_TARGET = 13.0;
				LD_RUNPATH_SEARCH_PATHS = (
					"$(inherited)",
					"@executable_path/Frameworks",
				);
				PRODUCT_BUNDLE_IDENTIFIER = "com.kino-puehddby.IdeaMemo";
				PROVISIONING_PROFILE_SPECIFIER = "match AppStore com.kino-puehddby.IdeaMemo";
				SDKROOT = iphoneos;
				TARGETED_DEVICE_FAMILY = "1,2";
			};
			name = "Production Release";
		};
		47B98B959D825753D9B92B73 /* Staging Release */ = {
			isa = XCBuildConfiguration;
			baseConfigurationReference = 698681C9D2154FB6358BE746 /* Pods-IdeaMemo-IdeaMemoUITests.staging release.xcconfig */;
			buildSettings = {
				BUNDLE_LOADER = "$(TEST_HOST)";
				FRAMEWORK_SEARCH_PATHS = (
					"$(inherited)",
					"$(PROJECT_DIR)/Carthage/Build/iOS",
				);
				INFOPLIST_FILE = "IdeaMemoUITests/Supporting Files/Info.plist";
				LD_RUNPATH_SEARCH_PATHS = (
					"$(inherited)",
					"@executable_path/Frameworks",
					"@loader_path/Frameworks",
				);
				PRODUCT_BUNDLE_IDENTIFIER = "com.kino-puehddby.IdeaMemoUITests";
				SDKROOT = iphoneos;
				TARGETED_DEVICE_FAMILY = "1,2";
				TEST_TARGET_NAME = IdeaMemo;
			};
			name = "Staging Release";
		};
		4A16F18895244E31F8DBF009 /* Production Release */ = {
			isa = XCBuildConfiguration;
			baseConfigurationReference = AF0C7B7AF5A5FBF86623623A /* Pods-IdeaMemo-IdeaMemoUITests.production release.xcconfig */;
			buildSettings = {
				BUNDLE_LOADER = "$(TEST_HOST)";
				FRAMEWORK_SEARCH_PATHS = (
					"$(inherited)",
					"$(PROJECT_DIR)/Carthage/Build/iOS",
				);
				INFOPLIST_FILE = "IdeaMemoUITests/Supporting Files/Info.plist";
				LD_RUNPATH_SEARCH_PATHS = (
					"$(inherited)",
					"@executable_path/Frameworks",
					"@loader_path/Frameworks",
				);
				PRODUCT_BUNDLE_IDENTIFIER = "com.kino-puehddby.IdeaMemoUITests";
				SDKROOT = iphoneos;
				TARGETED_DEVICE_FAMILY = "1,2";
				TEST_TARGET_NAME = IdeaMemo;
			};
			name = "Production Release";
		};
		57E5489BAA299FA5941A27B1 /* Staging Debug */ = {
			isa = XCBuildConfiguration;
			baseConfigurationReference = FE74F23C0215B9E352FD5859 /* stagingdebug.xcconfig */;
			buildSettings = {
				ALWAYS_SEARCH_USER_PATHS = NO;
				CLANG_ANALYZER_LOCALIZABILITY_NONLOCALIZED = YES;
				CLANG_ANALYZER_NONNULL = YES;
				CLANG_ANALYZER_NUMBER_OBJECT_CONVERSION = YES_AGGRESSIVE;
				CLANG_CXX_LANGUAGE_STANDARD = "gnu++14";
				CLANG_CXX_LIBRARY = "libc++";
				CLANG_ENABLE_MODULES = YES;
				CLANG_ENABLE_OBJC_ARC = YES;
				CLANG_ENABLE_OBJC_WEAK = YES;
				CLANG_WARN_BLOCK_CAPTURE_AUTORELEASING = YES;
				CLANG_WARN_BOOL_CONVERSION = YES;
				CLANG_WARN_COMMA = YES;
				CLANG_WARN_CONSTANT_CONVERSION = YES;
				CLANG_WARN_DEPRECATED_OBJC_IMPLEMENTATIONS = YES;
				CLANG_WARN_DIRECT_OBJC_ISA_USAGE = YES_ERROR;
				CLANG_WARN_DOCUMENTATION_COMMENTS = YES;
				CLANG_WARN_EMPTY_BODY = YES;
				CLANG_WARN_ENUM_CONVERSION = YES;
				CLANG_WARN_INFINITE_RECURSION = YES;
				CLANG_WARN_INT_CONVERSION = YES;
				CLANG_WARN_NON_LITERAL_NULL_CONVERSION = YES;
				CLANG_WARN_OBJC_IMPLICIT_RETAIN_SELF = YES;
				CLANG_WARN_OBJC_LITERAL_CONVERSION = YES;
				CLANG_WARN_OBJC_ROOT_CLASS = YES_ERROR;
				CLANG_WARN_QUOTED_INCLUDE_IN_FRAMEWORK_HEADER = YES;
				CLANG_WARN_RANGE_LOOP_ANALYSIS = YES;
				CLANG_WARN_STRICT_PROTOTYPES = YES;
				CLANG_WARN_SUSPICIOUS_MOVE = YES;
				CLANG_WARN_UNGUARDED_AVAILABILITY = YES_AGGRESSIVE;
				CLANG_WARN_UNREACHABLE_CODE = YES;
				CLANG_WARN__DUPLICATE_METHOD_MATCH = YES;
				COPY_PHASE_STRIP = NO;
				DEBUG_INFORMATION_FORMAT = dwarf;
				ENABLE_STRICT_OBJC_MSGSEND = YES;
				ENABLE_TESTABILITY = YES;
				GCC_C_LANGUAGE_STANDARD = gnu11;
				GCC_DYNAMIC_NO_PIC = NO;
				GCC_NO_COMMON_BLOCKS = YES;
				GCC_OPTIMIZATION_LEVEL = 0;
				GCC_PREPROCESSOR_DEFINITIONS = (
					"$(inherited)",
					"DEBUG=1",
				);
				GCC_WARN_64_TO_32_BIT_CONVERSION = YES;
				GCC_WARN_ABOUT_RETURN_TYPE = YES_ERROR;
				GCC_WARN_UNDECLARED_SELECTOR = YES;
				GCC_WARN_UNINITIALIZED_AUTOS = YES_AGGRESSIVE;
				GCC_WARN_UNUSED_FUNCTION = YES;
				GCC_WARN_UNUSED_VARIABLE = YES;
				IPHONEOS_DEPLOYMENT_TARGET = 13.0;
				MTL_ENABLE_DEBUG_INFO = INCLUDE_SOURCE;
				MTL_FAST_MATH = YES;
				ONLY_ACTIVE_ARCH = YES;
				PRODUCT_NAME = "$(TARGET_NAME)";
				SDKROOT = iphoneos;
				SWIFT_OPTIMIZATION_LEVEL = "-Onone";
				SWIFT_VERSION = 5.0;
				TARGETED_DEVICE_FAMILY = 1;
				VERSIONING_SYSTEM = "apple-generic";
			};
			name = "Staging Debug";
		};
		620B0465A2C201D7C8060CC7 /* Develop Debug */ = {
			isa = XCBuildConfiguration;
			baseConfigurationReference = FD33CDC9053B3E7C905FDC8C /* Pods-IdeaMemo-IdeaMemoUITests.develop debug.xcconfig */;
			buildSettings = {
				BUNDLE_LOADER = "$(TEST_HOST)";
				FRAMEWORK_SEARCH_PATHS = (
					"$(inherited)",
					"$(PROJECT_DIR)/Carthage/Build/iOS",
				);
				INFOPLIST_FILE = "IdeaMemoUITests/Supporting Files/Info.plist";
				LD_RUNPATH_SEARCH_PATHS = (
					"$(inherited)",
					"@executable_path/Frameworks",
					"@loader_path/Frameworks",
				);
				PRODUCT_BUNDLE_IDENTIFIER = "com.kino-puehddby.IdeaMemoUITests";
				SDKROOT = iphoneos;
				TARGETED_DEVICE_FAMILY = "1,2";
				TEST_TARGET_NAME = IdeaMemo;
			};
			name = "Develop Debug";
		};
		66345EBAD6C8D3ABEA81F987 /* Production Debug */ = {
			isa = XCBuildConfiguration;
			baseConfigurationReference = 793B38B782A0F7730C6A1E49 /* productiondebug.xcconfig */;
			buildSettings = {
				ALWAYS_SEARCH_USER_PATHS = NO;
				CLANG_ANALYZER_LOCALIZABILITY_NONLOCALIZED = YES;
				CLANG_ANALYZER_NONNULL = YES;
				CLANG_ANALYZER_NUMBER_OBJECT_CONVERSION = YES_AGGRESSIVE;
				CLANG_CXX_LANGUAGE_STANDARD = "gnu++14";
				CLANG_CXX_LIBRARY = "libc++";
				CLANG_ENABLE_MODULES = YES;
				CLANG_ENABLE_OBJC_ARC = YES;
				CLANG_ENABLE_OBJC_WEAK = YES;
				CLANG_WARN_BLOCK_CAPTURE_AUTORELEASING = YES;
				CLANG_WARN_BOOL_CONVERSION = YES;
				CLANG_WARN_COMMA = YES;
				CLANG_WARN_CONSTANT_CONVERSION = YES;
				CLANG_WARN_DEPRECATED_OBJC_IMPLEMENTATIONS = YES;
				CLANG_WARN_DIRECT_OBJC_ISA_USAGE = YES_ERROR;
				CLANG_WARN_DOCUMENTATION_COMMENTS = YES;
				CLANG_WARN_EMPTY_BODY = YES;
				CLANG_WARN_ENUM_CONVERSION = YES;
				CLANG_WARN_INFINITE_RECURSION = YES;
				CLANG_WARN_INT_CONVERSION = YES;
				CLANG_WARN_NON_LITERAL_NULL_CONVERSION = YES;
				CLANG_WARN_OBJC_IMPLICIT_RETAIN_SELF = YES;
				CLANG_WARN_OBJC_LITERAL_CONVERSION = YES;
				CLANG_WARN_OBJC_ROOT_CLASS = YES_ERROR;
				CLANG_WARN_QUOTED_INCLUDE_IN_FRAMEWORK_HEADER = YES;
				CLANG_WARN_RANGE_LOOP_ANALYSIS = YES;
				CLANG_WARN_STRICT_PROTOTYPES = YES;
				CLANG_WARN_SUSPICIOUS_MOVE = YES;
				CLANG_WARN_UNGUARDED_AVAILABILITY = YES_AGGRESSIVE;
				CLANG_WARN_UNREACHABLE_CODE = YES;
				CLANG_WARN__DUPLICATE_METHOD_MATCH = YES;
				COPY_PHASE_STRIP = NO;
				DEBUG_INFORMATION_FORMAT = dwarf;
				ENABLE_STRICT_OBJC_MSGSEND = YES;
				ENABLE_TESTABILITY = YES;
				GCC_C_LANGUAGE_STANDARD = gnu11;
				GCC_DYNAMIC_NO_PIC = NO;
				GCC_NO_COMMON_BLOCKS = YES;
				GCC_OPTIMIZATION_LEVEL = 0;
				GCC_PREPROCESSOR_DEFINITIONS = (
					"$(inherited)",
					"DEBUG=1",
				);
				GCC_WARN_64_TO_32_BIT_CONVERSION = YES;
				GCC_WARN_ABOUT_RETURN_TYPE = YES_ERROR;
				GCC_WARN_UNDECLARED_SELECTOR = YES;
				GCC_WARN_UNINITIALIZED_AUTOS = YES_AGGRESSIVE;
				GCC_WARN_UNUSED_FUNCTION = YES;
				GCC_WARN_UNUSED_VARIABLE = YES;
				IPHONEOS_DEPLOYMENT_TARGET = 13.0;
				MTL_ENABLE_DEBUG_INFO = INCLUDE_SOURCE;
				MTL_FAST_MATH = YES;
				ONLY_ACTIVE_ARCH = YES;
				PRODUCT_NAME = "$(TARGET_NAME)";
				SDKROOT = iphoneos;
				SWIFT_OPTIMIZATION_LEVEL = "-Onone";
				SWIFT_VERSION = 5.0;
				TARGETED_DEVICE_FAMILY = 1;
				VERSIONING_SYSTEM = "apple-generic";
			};
			name = "Production Debug";
		};
		6C037B80F56DA97B99DA55A4 /* Staging Release */ = {
			isa = XCBuildConfiguration;
			baseConfigurationReference = E9040ADBD78524AE93613653 /* Pods-IdeaMemo.staging release.xcconfig */;
			buildSettings = {
				ASSETCATALOG_COMPILER_APPICON_NAME = AppIcon;
				CODE_SIGN_IDENTITY = "Apple Distribution";
				CODE_SIGN_STYLE = Manual;
				CURRENT_PROJECT_VERSION = 2;
				DEVELOPMENT_TEAM = P55D3D23US;
				DYLIB_CURRENT_VERSION = 2;
				FRAMEWORK_SEARCH_PATHS = (
					"$(inherited)",
					"$(PROJECT_DIR)/Carthage/Build/iOS",
				);
				INFOPLIST_FILE = "IdeaMemo/Supporting Files/Info.plist";
				IPHONEOS_DEPLOYMENT_TARGET = 13.0;
				LD_RUNPATH_SEARCH_PATHS = (
					"$(inherited)",
					"@executable_path/Frameworks",
				);
				PRODUCT_BUNDLE_IDENTIFIER = "com.kino-puehddby.IdeaMemo";
				PROVISIONING_PROFILE_SPECIFIER = "match AdHoc com.kino-puehddby.IdeaMemo";
				SDKROOT = iphoneos;
				TARGETED_DEVICE_FAMILY = "1,2";
			};
			name = "Staging Release";
		};
		7F197453EB479AA13376B221 /* Develop Debug */ = {
			isa = XCBuildConfiguration;
			baseConfigurationReference = BBF1958C3712DBBA0C95AC5E /* Pods-IdeaMemoTests.develop debug.xcconfig */;
			buildSettings = {
				BUNDLE_LOADER = "$(TEST_HOST)";
				FRAMEWORK_SEARCH_PATHS = (
					"$(inherited)",
					"$(PROJECT_DIR)/Carthage/Build/iOS",
				);
				INFOPLIST_FILE = "IdeaMemoTests/Supporting Files/Info.plist";
				LD_RUNPATH_SEARCH_PATHS = (
					"$(inherited)",
					"@executable_path/Frameworks",
					"@loader_path/Frameworks",
				);
				PRODUCT_BUNDLE_IDENTIFIER = "com.kino-puehddby.IdeaMemoTests";
				SDKROOT = iphoneos;
				TARGETED_DEVICE_FAMILY = "1,2";
				TEST_HOST = "$(BUILT_PRODUCTS_DIR)/IdeaMemo.app/IdeaMemo";
			};
			name = "Develop Debug";
		};
		85AC51A72A1770168BA4CF10 /* Production Debug */ = {
			isa = XCBuildConfiguration;
			baseConfigurationReference = 514B6D2B1210A7C74FB6B325 /* Pods-IdeaMemo.production debug.xcconfig */;
			buildSettings = {
				ASSETCATALOG_COMPILER_APPICON_NAME = AppIcon;
				CODE_SIGN_IDENTITY = "Apple Distribution";
				CODE_SIGN_STYLE = Manual;
				CURRENT_PROJECT_VERSION = 2;
				DEVELOPMENT_TEAM = P55D3D23US;
				DYLIB_CURRENT_VERSION = 2;
				FRAMEWORK_SEARCH_PATHS = (
					"$(inherited)",
					"$(PROJECT_DIR)/Carthage/Build/iOS",
				);
				INFOPLIST_FILE = "IdeaMemo/Supporting Files/Info.plist";
				IPHONEOS_DEPLOYMENT_TARGET = 13.0;
				LD_RUNPATH_SEARCH_PATHS = (
					"$(inherited)",
					"@executable_path/Frameworks",
				);
				PRODUCT_BUNDLE_IDENTIFIER = "com.kino-puehddby.IdeaMemo";
				PROVISIONING_PROFILE_SPECIFIER = "match AppStore com.kino-puehddby.IdeaMemo";
				SDKROOT = iphoneos;
				TARGETED_DEVICE_FAMILY = "1,2";
			};
			name = "Production Debug";
		};
		9D2665B2B7BBDC4C37C398DE /* Develop Debug */ = {
			isa = XCBuildConfiguration;
			baseConfigurationReference = 55A78D6B09F88C52AE871C09 /* developdebug.xcconfig */;
			buildSettings = {
				ALWAYS_SEARCH_USER_PATHS = NO;
				CLANG_ANALYZER_LOCALIZABILITY_NONLOCALIZED = YES;
				CLANG_ANALYZER_NONNULL = YES;
				CLANG_ANALYZER_NUMBER_OBJECT_CONVERSION = YES_AGGRESSIVE;
				CLANG_CXX_LANGUAGE_STANDARD = "gnu++14";
				CLANG_CXX_LIBRARY = "libc++";
				CLANG_ENABLE_MODULES = YES;
				CLANG_ENABLE_OBJC_ARC = YES;
				CLANG_ENABLE_OBJC_WEAK = YES;
				CLANG_WARN_BLOCK_CAPTURE_AUTORELEASING = YES;
				CLANG_WARN_BOOL_CONVERSION = YES;
				CLANG_WARN_COMMA = YES;
				CLANG_WARN_CONSTANT_CONVERSION = YES;
				CLANG_WARN_DEPRECATED_OBJC_IMPLEMENTATIONS = YES;
				CLANG_WARN_DIRECT_OBJC_ISA_USAGE = YES_ERROR;
				CLANG_WARN_DOCUMENTATION_COMMENTS = YES;
				CLANG_WARN_EMPTY_BODY = YES;
				CLANG_WARN_ENUM_CONVERSION = YES;
				CLANG_WARN_INFINITE_RECURSION = YES;
				CLANG_WARN_INT_CONVERSION = YES;
				CLANG_WARN_NON_LITERAL_NULL_CONVERSION = YES;
				CLANG_WARN_OBJC_IMPLICIT_RETAIN_SELF = YES;
				CLANG_WARN_OBJC_LITERAL_CONVERSION = YES;
				CLANG_WARN_OBJC_ROOT_CLASS = YES_ERROR;
				CLANG_WARN_QUOTED_INCLUDE_IN_FRAMEWORK_HEADER = YES;
				CLANG_WARN_RANGE_LOOP_ANALYSIS = YES;
				CLANG_WARN_STRICT_PROTOTYPES = YES;
				CLANG_WARN_SUSPICIOUS_MOVE = YES;
				CLANG_WARN_UNGUARDED_AVAILABILITY = YES_AGGRESSIVE;
				CLANG_WARN_UNREACHABLE_CODE = YES;
				CLANG_WARN__DUPLICATE_METHOD_MATCH = YES;
				COPY_PHASE_STRIP = NO;
				DEBUG_INFORMATION_FORMAT = dwarf;
				ENABLE_STRICT_OBJC_MSGSEND = YES;
				ENABLE_TESTABILITY = YES;
				GCC_C_LANGUAGE_STANDARD = gnu11;
				GCC_DYNAMIC_NO_PIC = NO;
				GCC_NO_COMMON_BLOCKS = YES;
				GCC_OPTIMIZATION_LEVEL = 0;
				GCC_PREPROCESSOR_DEFINITIONS = (
					"$(inherited)",
					"DEBUG=1",
				);
				GCC_WARN_64_TO_32_BIT_CONVERSION = YES;
				GCC_WARN_ABOUT_RETURN_TYPE = YES_ERROR;
				GCC_WARN_UNDECLARED_SELECTOR = YES;
				GCC_WARN_UNINITIALIZED_AUTOS = YES_AGGRESSIVE;
				GCC_WARN_UNUSED_FUNCTION = YES;
				GCC_WARN_UNUSED_VARIABLE = YES;
				IPHONEOS_DEPLOYMENT_TARGET = 13.0;
				MTL_ENABLE_DEBUG_INFO = INCLUDE_SOURCE;
				MTL_FAST_MATH = YES;
				ONLY_ACTIVE_ARCH = YES;
				PRODUCT_NAME = "$(TARGET_NAME)";
				SDKROOT = iphoneos;
				SWIFT_OPTIMIZATION_LEVEL = "-Onone";
				SWIFT_VERSION = 5.0;
				TARGETED_DEVICE_FAMILY = 1;
				VERSIONING_SYSTEM = "apple-generic";
			};
			name = "Develop Debug";
		};
		A2D5C0DA9E51059C9E2D5CA0 /* Develop Release */ = {
			isa = XCBuildConfiguration;
			baseConfigurationReference = C02A047A23DF27669B527B74 /* Pods-IdeaMemo.develop release.xcconfig */;
			buildSettings = {
				ASSETCATALOG_COMPILER_APPICON_NAME = AppIcon;
				CODE_SIGN_IDENTITY = "Apple Development";
				CODE_SIGN_STYLE = Manual;
				CURRENT_PROJECT_VERSION = 2;
				DEVELOPMENT_TEAM = P55D3D23US;
				DYLIB_CURRENT_VERSION = 2;
				FRAMEWORK_SEARCH_PATHS = (
					"$(inherited)",
					"$(PROJECT_DIR)/Carthage/Build/iOS",
				);
				INFOPLIST_FILE = "IdeaMemo/Supporting Files/Info.plist";
				IPHONEOS_DEPLOYMENT_TARGET = 13.0;
				LD_RUNPATH_SEARCH_PATHS = (
					"$(inherited)",
					"@executable_path/Frameworks",
				);
				PRODUCT_BUNDLE_IDENTIFIER = "com.kino-puehddby.IdeaMemo";
				PROVISIONING_PROFILE_SPECIFIER = "match Development com.kino-puehddby.IdeaMemo";
				SDKROOT = iphoneos;
				TARGETED_DEVICE_FAMILY = "1,2";
			};
			name = "Develop Release";
		};
		A5F0F25F1A0914DC1E18A835 /* Production Release */ = {
			isa = XCBuildConfiguration;
			baseConfigurationReference = B024164F685F269A59D9C98E /* Pods-IdeaMemoTests.production release.xcconfig */;
			buildSettings = {
				BUNDLE_LOADER = "$(TEST_HOST)";
				FRAMEWORK_SEARCH_PATHS = (
					"$(inherited)",
					"$(PROJECT_DIR)/Carthage/Build/iOS",
				);
				INFOPLIST_FILE = "IdeaMemoTests/Supporting Files/Info.plist";
				LD_RUNPATH_SEARCH_PATHS = (
					"$(inherited)",
					"@executable_path/Frameworks",
					"@loader_path/Frameworks",
				);
				PRODUCT_BUNDLE_IDENTIFIER = "com.kino-puehddby.IdeaMemoTests";
				SDKROOT = iphoneos;
				TARGETED_DEVICE_FAMILY = "1,2";
				TEST_HOST = "$(BUILT_PRODUCTS_DIR)/IdeaMemo.app/IdeaMemo";
			};
			name = "Production Release";
		};
		A89E441E39CF5ED4DE0BFDC9 /* Staging Debug */ = {
			isa = XCBuildConfiguration;
			baseConfigurationReference = 411BAF326BAD7770B1E14227 /* Pods-IdeaMemoTests.staging debug.xcconfig */;
			buildSettings = {
				BUNDLE_LOADER = "$(TEST_HOST)";
				FRAMEWORK_SEARCH_PATHS = (
					"$(inherited)",
					"$(PROJECT_DIR)/Carthage/Build/iOS",
				);
				INFOPLIST_FILE = "IdeaMemoTests/Supporting Files/Info.plist";
				LD_RUNPATH_SEARCH_PATHS = (
					"$(inherited)",
					"@executable_path/Frameworks",
					"@loader_path/Frameworks",
				);
				PRODUCT_BUNDLE_IDENTIFIER = "com.kino-puehddby.IdeaMemoTests";
				SDKROOT = iphoneos;
				TARGETED_DEVICE_FAMILY = "1,2";
				TEST_HOST = "$(BUILT_PRODUCTS_DIR)/IdeaMemo.app/IdeaMemo";
			};
			name = "Staging Debug";
		};
		B4DEAC10786A2E116DAE34AC /* Develop Debug */ = {
			isa = XCBuildConfiguration;
			baseConfigurationReference = 0CC128FF6FADF0CA96A93D10 /* Pods-IdeaMemo.develop debug.xcconfig */;
			buildSettings = {
				ASSETCATALOG_COMPILER_APPICON_NAME = AppIcon;
				CODE_SIGN_IDENTITY = "Apple Development";
				CODE_SIGN_STYLE = Manual;
				CURRENT_PROJECT_VERSION = 2;
				DEVELOPMENT_TEAM = P55D3D23US;
				DYLIB_CURRENT_VERSION = 2;
				FRAMEWORK_SEARCH_PATHS = (
					"$(inherited)",
					"$(PROJECT_DIR)/Carthage/Build/iOS",
				);
				INFOPLIST_FILE = "IdeaMemo/Supporting Files/Info.plist";
				IPHONEOS_DEPLOYMENT_TARGET = 13.0;
				LD_RUNPATH_SEARCH_PATHS = (
					"$(inherited)",
					"@executable_path/Frameworks",
				);
				PRODUCT_BUNDLE_IDENTIFIER = "com.kino-puehddby.IdeaMemo";
				PROVISIONING_PROFILE_SPECIFIER = "match Development com.kino-puehddby.IdeaMemo";
				SDKROOT = iphoneos;
				TARGETED_DEVICE_FAMILY = "1,2";
			};
			name = "Develop Debug";
		};
		C0DFEDBE4A5E1B4DE46FA8C5 /* Develop Release */ = {
			isa = XCBuildConfiguration;
			baseConfigurationReference = 3BDC8F026E1789D38B282798 /* Pods-IdeaMemoTests.develop release.xcconfig */;
			buildSettings = {
				BUNDLE_LOADER = "$(TEST_HOST)";
				FRAMEWORK_SEARCH_PATHS = (
					"$(inherited)",
					"$(PROJECT_DIR)/Carthage/Build/iOS",
				);
				INFOPLIST_FILE = "IdeaMemoTests/Supporting Files/Info.plist";
				LD_RUNPATH_SEARCH_PATHS = (
					"$(inherited)",
					"@executable_path/Frameworks",
					"@loader_path/Frameworks",
				);
				PRODUCT_BUNDLE_IDENTIFIER = "com.kino-puehddby.IdeaMemoTests";
				SDKROOT = iphoneos;
				TARGETED_DEVICE_FAMILY = "1,2";
				TEST_HOST = "$(BUILT_PRODUCTS_DIR)/IdeaMemo.app/IdeaMemo";
			};
			name = "Develop Release";
		};
		C12AE2366B3789D1651738CA /* Staging Release */ = {
			isa = XCBuildConfiguration;
			baseConfigurationReference = F7E85E7FCD8A3A8AD4AE6608 /* Pods-IdeaMemoTests.staging release.xcconfig */;
			buildSettings = {
				BUNDLE_LOADER = "$(TEST_HOST)";
				FRAMEWORK_SEARCH_PATHS = (
					"$(inherited)",
					"$(PROJECT_DIR)/Carthage/Build/iOS",
				);
				INFOPLIST_FILE = "IdeaMemoTests/Supporting Files/Info.plist";
				LD_RUNPATH_SEARCH_PATHS = (
					"$(inherited)",
					"@executable_path/Frameworks",
					"@loader_path/Frameworks",
				);
				PRODUCT_BUNDLE_IDENTIFIER = "com.kino-puehddby.IdeaMemoTests";
				SDKROOT = iphoneos;
				TARGETED_DEVICE_FAMILY = "1,2";
				TEST_HOST = "$(BUILT_PRODUCTS_DIR)/IdeaMemo.app/IdeaMemo";
			};
			name = "Staging Release";
		};
		C25D476084032E1B823CBA70 /* Production Debug */ = {
			isa = XCBuildConfiguration;
			baseConfigurationReference = C40D3ABB8159175287DA65E2 /* Pods-IdeaMemo-IdeaMemoUITests.production debug.xcconfig */;
			buildSettings = {
				BUNDLE_LOADER = "$(TEST_HOST)";
				FRAMEWORK_SEARCH_PATHS = (
					"$(inherited)",
					"$(PROJECT_DIR)/Carthage/Build/iOS",
				);
				INFOPLIST_FILE = "IdeaMemoUITests/Supporting Files/Info.plist";
				LD_RUNPATH_SEARCH_PATHS = (
					"$(inherited)",
					"@executable_path/Frameworks",
					"@loader_path/Frameworks",
				);
				PRODUCT_BUNDLE_IDENTIFIER = "com.kino-puehddby.IdeaMemoUITests";
				SDKROOT = iphoneos;
				TARGETED_DEVICE_FAMILY = "1,2";
				TEST_TARGET_NAME = IdeaMemo;
			};
			name = "Production Debug";
		};
		C985499DEA7BB7F89109CA13 /* Staging Debug */ = {
			isa = XCBuildConfiguration;
			baseConfigurationReference = B5AACCBF58292FF16B603F32 /* Pods-IdeaMemo-IdeaMemoUITests.staging debug.xcconfig */;
			buildSettings = {
				BUNDLE_LOADER = "$(TEST_HOST)";
				FRAMEWORK_SEARCH_PATHS = (
					"$(inherited)",
					"$(PROJECT_DIR)/Carthage/Build/iOS",
				);
				INFOPLIST_FILE = "IdeaMemoUITests/Supporting Files/Info.plist";
				LD_RUNPATH_SEARCH_PATHS = (
					"$(inherited)",
					"@executable_path/Frameworks",
					"@loader_path/Frameworks",
				);
				PRODUCT_BUNDLE_IDENTIFIER = "com.kino-puehddby.IdeaMemoUITests";
				SDKROOT = iphoneos;
				TARGETED_DEVICE_FAMILY = "1,2";
				TEST_TARGET_NAME = IdeaMemo;
			};
			name = "Staging Debug";
		};
		CDCE22939F46CD6D3EB89C5D /* Staging Release */ = {
			isa = XCBuildConfiguration;
			baseConfigurationReference = 6947397F6DE1617E23FADDC1 /* staging.xcconfig */;
			buildSettings = {
				ALWAYS_SEARCH_USER_PATHS = NO;
				CLANG_ANALYZER_LOCALIZABILITY_NONLOCALIZED = YES;
				CLANG_ANALYZER_NONNULL = YES;
				CLANG_ANALYZER_NUMBER_OBJECT_CONVERSION = YES_AGGRESSIVE;
				CLANG_CXX_LANGUAGE_STANDARD = "gnu++14";
				CLANG_CXX_LIBRARY = "libc++";
				CLANG_ENABLE_MODULES = YES;
				CLANG_ENABLE_OBJC_ARC = YES;
				CLANG_ENABLE_OBJC_WEAK = YES;
				CLANG_WARN_BLOCK_CAPTURE_AUTORELEASING = YES;
				CLANG_WARN_BOOL_CONVERSION = YES;
				CLANG_WARN_COMMA = YES;
				CLANG_WARN_CONSTANT_CONVERSION = YES;
				CLANG_WARN_DEPRECATED_OBJC_IMPLEMENTATIONS = YES;
				CLANG_WARN_DIRECT_OBJC_ISA_USAGE = YES_ERROR;
				CLANG_WARN_DOCUMENTATION_COMMENTS = YES;
				CLANG_WARN_EMPTY_BODY = YES;
				CLANG_WARN_ENUM_CONVERSION = YES;
				CLANG_WARN_INFINITE_RECURSION = YES;
				CLANG_WARN_INT_CONVERSION = YES;
				CLANG_WARN_NON_LITERAL_NULL_CONVERSION = YES;
				CLANG_WARN_OBJC_IMPLICIT_RETAIN_SELF = YES;
				CLANG_WARN_OBJC_LITERAL_CONVERSION = YES;
				CLANG_WARN_OBJC_ROOT_CLASS = YES_ERROR;
				CLANG_WARN_QUOTED_INCLUDE_IN_FRAMEWORK_HEADER = YES;
				CLANG_WARN_RANGE_LOOP_ANALYSIS = YES;
				CLANG_WARN_STRICT_PROTOTYPES = YES;
				CLANG_WARN_SUSPICIOUS_MOVE = YES;
				CLANG_WARN_UNGUARDED_AVAILABILITY = YES_AGGRESSIVE;
				CLANG_WARN_UNREACHABLE_CODE = YES;
				CLANG_WARN__DUPLICATE_METHOD_MATCH = YES;
				COPY_PHASE_STRIP = NO;
				DEBUG_INFORMATION_FORMAT = "dwarf-with-dsym";
				ENABLE_NS_ASSERTIONS = NO;
				ENABLE_STRICT_OBJC_MSGSEND = YES;
				GCC_C_LANGUAGE_STANDARD = gnu11;
				GCC_NO_COMMON_BLOCKS = YES;
				GCC_WARN_64_TO_32_BIT_CONVERSION = YES;
				GCC_WARN_ABOUT_RETURN_TYPE = YES_ERROR;
				GCC_WARN_UNDECLARED_SELECTOR = YES;
				GCC_WARN_UNINITIALIZED_AUTOS = YES_AGGRESSIVE;
				GCC_WARN_UNUSED_FUNCTION = YES;
				GCC_WARN_UNUSED_VARIABLE = YES;
				IPHONEOS_DEPLOYMENT_TARGET = 13.0;
				MTL_ENABLE_DEBUG_INFO = NO;
				MTL_FAST_MATH = YES;
				PRODUCT_NAME = "$(TARGET_NAME)";
				SDKROOT = iphoneos;
				SWIFT_COMPILATION_MODE = wholemodule;
				SWIFT_OPTIMIZATION_LEVEL = "-O";
				SWIFT_VERSION = 5.0;
				TARGETED_DEVICE_FAMILY = 1;
				VERSIONING_SYSTEM = "apple-generic";
			};
			name = "Staging Release";
		};
		CE9229CD1C85051166AF05CE /* Production Debug */ = {
			isa = XCBuildConfiguration;
			baseConfigurationReference = 2AB17559EAC2CDC1AA71920F /* Pods-IdeaMemoTests.production debug.xcconfig */;
			buildSettings = {
				BUNDLE_LOADER = "$(TEST_HOST)";
				FRAMEWORK_SEARCH_PATHS = (
					"$(inherited)",
					"$(PROJECT_DIR)/Carthage/Build/iOS",
				);
				INFOPLIST_FILE = "IdeaMemoTests/Supporting Files/Info.plist";
				LD_RUNPATH_SEARCH_PATHS = (
					"$(inherited)",
					"@executable_path/Frameworks",
					"@loader_path/Frameworks",
				);
				PRODUCT_BUNDLE_IDENTIFIER = "com.kino-puehddby.IdeaMemoTests";
				SDKROOT = iphoneos;
				TARGETED_DEVICE_FAMILY = "1,2";
				TEST_HOST = "$(BUILT_PRODUCTS_DIR)/IdeaMemo.app/IdeaMemo";
			};
			name = "Production Debug";
		};
		EE90B977B43FFC9318FC84B7 /* Develop Release */ = {
			isa = XCBuildConfiguration;
			baseConfigurationReference = BA31D5D371642C07953B55A6 /* develop.xcconfig */;
			buildSettings = {
				ALWAYS_SEARCH_USER_PATHS = NO;
				CLANG_ANALYZER_LOCALIZABILITY_NONLOCALIZED = YES;
				CLANG_ANALYZER_NONNULL = YES;
				CLANG_ANALYZER_NUMBER_OBJECT_CONVERSION = YES_AGGRESSIVE;
				CLANG_CXX_LANGUAGE_STANDARD = "gnu++14";
				CLANG_CXX_LIBRARY = "libc++";
				CLANG_ENABLE_MODULES = YES;
				CLANG_ENABLE_OBJC_ARC = YES;
				CLANG_ENABLE_OBJC_WEAK = YES;
				CLANG_WARN_BLOCK_CAPTURE_AUTORELEASING = YES;
				CLANG_WARN_BOOL_CONVERSION = YES;
				CLANG_WARN_COMMA = YES;
				CLANG_WARN_CONSTANT_CONVERSION = YES;
				CLANG_WARN_DEPRECATED_OBJC_IMPLEMENTATIONS = YES;
				CLANG_WARN_DIRECT_OBJC_ISA_USAGE = YES_ERROR;
				CLANG_WARN_DOCUMENTATION_COMMENTS = YES;
				CLANG_WARN_EMPTY_BODY = YES;
				CLANG_WARN_ENUM_CONVERSION = YES;
				CLANG_WARN_INFINITE_RECURSION = YES;
				CLANG_WARN_INT_CONVERSION = YES;
				CLANG_WARN_NON_LITERAL_NULL_CONVERSION = YES;
				CLANG_WARN_OBJC_IMPLICIT_RETAIN_SELF = YES;
				CLANG_WARN_OBJC_LITERAL_CONVERSION = YES;
				CLANG_WARN_OBJC_ROOT_CLASS = YES_ERROR;
				CLANG_WARN_QUOTED_INCLUDE_IN_FRAMEWORK_HEADER = YES;
				CLANG_WARN_RANGE_LOOP_ANALYSIS = YES;
				CLANG_WARN_STRICT_PROTOTYPES = YES;
				CLANG_WARN_SUSPICIOUS_MOVE = YES;
				CLANG_WARN_UNGUARDED_AVAILABILITY = YES_AGGRESSIVE;
				CLANG_WARN_UNREACHABLE_CODE = YES;
				CLANG_WARN__DUPLICATE_METHOD_MATCH = YES;
				COPY_PHASE_STRIP = NO;
				DEBUG_INFORMATION_FORMAT = "dwarf-with-dsym";
				ENABLE_NS_ASSERTIONS = NO;
				ENABLE_STRICT_OBJC_MSGSEND = YES;
				GCC_C_LANGUAGE_STANDARD = gnu11;
				GCC_NO_COMMON_BLOCKS = YES;
				GCC_WARN_64_TO_32_BIT_CONVERSION = YES;
				GCC_WARN_ABOUT_RETURN_TYPE = YES_ERROR;
				GCC_WARN_UNDECLARED_SELECTOR = YES;
				GCC_WARN_UNINITIALIZED_AUTOS = YES_AGGRESSIVE;
				GCC_WARN_UNUSED_FUNCTION = YES;
				GCC_WARN_UNUSED_VARIABLE = YES;
				IPHONEOS_DEPLOYMENT_TARGET = 13.0;
				MTL_ENABLE_DEBUG_INFO = NO;
				MTL_FAST_MATH = YES;
				PRODUCT_NAME = "$(TARGET_NAME)";
				SDKROOT = iphoneos;
				SWIFT_COMPILATION_MODE = wholemodule;
				SWIFT_OPTIMIZATION_LEVEL = "-O";
				SWIFT_VERSION = 5.0;
				TARGETED_DEVICE_FAMILY = 1;
				VERSIONING_SYSTEM = "apple-generic";
			};
			name = "Develop Release";
		};
		FA2B0B21BF5A1525EC81BFF9 /* Develop Release */ = {
			isa = XCBuildConfiguration;
			baseConfigurationReference = CCA57356DAD35CAC71B68BD3 /* Pods-IdeaMemo-IdeaMemoUITests.develop release.xcconfig */;
			buildSettings = {
				BUNDLE_LOADER = "$(TEST_HOST)";
				FRAMEWORK_SEARCH_PATHS = (
					"$(inherited)",
					"$(PROJECT_DIR)/Carthage/Build/iOS",
				);
				INFOPLIST_FILE = "IdeaMemoUITests/Supporting Files/Info.plist";
				LD_RUNPATH_SEARCH_PATHS = (
					"$(inherited)",
					"@executable_path/Frameworks",
					"@loader_path/Frameworks",
				);
				PRODUCT_BUNDLE_IDENTIFIER = "com.kino-puehddby.IdeaMemoUITests";
				SDKROOT = iphoneos;
				TARGETED_DEVICE_FAMILY = "1,2";
				TEST_TARGET_NAME = IdeaMemo;
			};
			name = "Develop Release";
		};
		FFE2BEAA816D7C3321873D49 /* Staging Debug */ = {
			isa = XCBuildConfiguration;
			baseConfigurationReference = 3CA31CD5CA382085322AF5CA /* Pods-IdeaMemo.staging debug.xcconfig */;
			buildSettings = {
				ASSETCATALOG_COMPILER_APPICON_NAME = AppIcon;
				CODE_SIGN_IDENTITY = "Apple Distribution";
				CODE_SIGN_STYLE = Manual;
				CURRENT_PROJECT_VERSION = 2;
				DEVELOPMENT_TEAM = P55D3D23US;
				DYLIB_CURRENT_VERSION = 2;
				FRAMEWORK_SEARCH_PATHS = (
					"$(inherited)",
					"$(PROJECT_DIR)/Carthage/Build/iOS",
				);
				INFOPLIST_FILE = "IdeaMemo/Supporting Files/Info.plist";
				IPHONEOS_DEPLOYMENT_TARGET = 13.0;
				LD_RUNPATH_SEARCH_PATHS = (
					"$(inherited)",
					"@executable_path/Frameworks",
				);
				PRODUCT_BUNDLE_IDENTIFIER = "com.kino-puehddby.IdeaMemo";
				PROVISIONING_PROFILE_SPECIFIER = "match AdHoc com.kino-puehddby.IdeaMemo";
				SDKROOT = iphoneos;
				TARGETED_DEVICE_FAMILY = "1,2";
			};
			name = "Staging Debug";
		};
/* End XCBuildConfiguration section */

/* Begin XCConfigurationList section */
		265CE146B86BD46A21707D9D /* Build configuration list for PBXProject "IdeaMemo" */ = {
			isa = XCConfigurationList;
			buildConfigurations = (
				9D2665B2B7BBDC4C37C398DE /* Develop Debug */,
				EE90B977B43FFC9318FC84B7 /* Develop Release */,
				66345EBAD6C8D3ABEA81F987 /* Production Debug */,
				101D8057DA2ACF4A1B7CB4D4 /* Production Release */,
				57E5489BAA299FA5941A27B1 /* Staging Debug */,
				CDCE22939F46CD6D3EB89C5D /* Staging Release */,
			);
			defaultConfigurationIsVisible = 0;
			defaultConfigurationName = "Develop Debug";
		};
		DF97BA20A4988124EDBE1E8F /* Build configuration list for PBXNativeTarget "IdeaMemo" */ = {
			isa = XCConfigurationList;
			buildConfigurations = (
				B4DEAC10786A2E116DAE34AC /* Develop Debug */,
				A2D5C0DA9E51059C9E2D5CA0 /* Develop Release */,
				85AC51A72A1770168BA4CF10 /* Production Debug */,
				468B8BCD8F01520F9A9FD912 /* Production Release */,
				FFE2BEAA816D7C3321873D49 /* Staging Debug */,
				6C037B80F56DA97B99DA55A4 /* Staging Release */,
			);
			defaultConfigurationIsVisible = 0;
			defaultConfigurationName = "Develop Debug";
		};
		F618ECBC9AF1A9990A94C750 /* Build configuration list for PBXNativeTarget "IdeaMemoTests" */ = {
			isa = XCConfigurationList;
			buildConfigurations = (
				7F197453EB479AA13376B221 /* Develop Debug */,
				C0DFEDBE4A5E1B4DE46FA8C5 /* Develop Release */,
				CE9229CD1C85051166AF05CE /* Production Debug */,
				A5F0F25F1A0914DC1E18A835 /* Production Release */,
				A89E441E39CF5ED4DE0BFDC9 /* Staging Debug */,
				C12AE2366B3789D1651738CA /* Staging Release */,
			);
			defaultConfigurationIsVisible = 0;
			defaultConfigurationName = "Develop Debug";
		};
		F7D643A888DAD9A64B708AB4 /* Build configuration list for PBXNativeTarget "IdeaMemoUITests" */ = {
			isa = XCConfigurationList;
			buildConfigurations = (
				620B0465A2C201D7C8060CC7 /* Develop Debug */,
				FA2B0B21BF5A1525EC81BFF9 /* Develop Release */,
				C25D476084032E1B823CBA70 /* Production Debug */,
				4A16F18895244E31F8DBF009 /* Production Release */,
				C985499DEA7BB7F89109CA13 /* Staging Debug */,
				47B98B959D825753D9B92B73 /* Staging Release */,
			);
			defaultConfigurationIsVisible = 0;
			defaultConfigurationName = "Develop Debug";
		};
/* End XCConfigurationList section */
	};
	rootObject = 3A5791CD6FA96286ABC9001B /* Project object */;
}
