// !$*UTF8*$!
{
	archiveVersion = 1;
	classes = {
	};
	objectVersion = 50;
	objects = {

/* Begin PBXBuildFile section */
		4EA5F202252B3C8800DD4CB8 /* AppDelegate.swift in Sources */ = {isa = PBXBuildFile; fileRef = 4EA5F201252B3C8800DD4CB8 /* AppDelegate.swift */; };
		4EA5F204252B3C8800DD4CB8 /* SceneDelegate.swift in Sources */ = {isa = PBXBuildFile; fileRef = 4EA5F203252B3C8800DD4CB8 /* SceneDelegate.swift */; };
		4EA5F206252B3C8800DD4CB8 /* ContentView.swift in Sources */ = {isa = PBXBuildFile; fileRef = 4EA5F205252B3C8800DD4CB8 /* ContentView.swift */; };
		4EA5F208252B3C8A00DD4CB8 /* Assets.xcassets in Resources */ = {isa = PBXBuildFile; fileRef = 4EA5F207252B3C8A00DD4CB8 /* Assets.xcassets */; };
		4EA5F20B252B3C8A00DD4CB8 /* Preview Assets.xcassets in Resources */ = {isa = PBXBuildFile; fileRef = 4EA5F20A252B3C8A00DD4CB8 /* Preview Assets.xcassets */; };
		4EA5F20E252B3C8A00DD4CB8 /* LaunchScreen.storyboard in Resources */ = {isa = PBXBuildFile; fileRef = 4EA5F20C252B3C8A00DD4CB8 /* LaunchScreen.storyboard */; };
		4EA5F219252B3C8A00DD4CB8 /* IdeaMemoTests.swift in Sources */ = {isa = PBXBuildFile; fileRef = 4EA5F218252B3C8A00DD4CB8 /* IdeaMemoTests.swift */; };
		4EA5F224252B3C8A00DD4CB8 /* IdeaMemoUITests.swift in Sources */ = {isa = PBXBuildFile; fileRef = 4EA5F223252B3C8A00DD4CB8 /* IdeaMemoUITests.swift */; };
		8533C66482DCBFC9B1DBB664 /* Pods_IdeaMemo_IdeaMemoUITests.framework in Frameworks */ = {isa = PBXBuildFile; fileRef = 6FF2F145512A3344C2456B9A /* Pods_IdeaMemo_IdeaMemoUITests.framework */; };
		9302499DD72755DD4BDB74B9 /* Pods_IdeaMemoTests.framework in Frameworks */ = {isa = PBXBuildFile; fileRef = BD152BC22ED517AD62BD4E1A /* Pods_IdeaMemoTests.framework */; };
		BB763EE77BC78527C14E9A60 /* Pods_IdeaMemo.framework in Frameworks */ = {isa = PBXBuildFile; fileRef = ED0CC7E83A6B56B1FF99E71F /* Pods_IdeaMemo.framework */; };
/* End PBXBuildFile section */

/* Begin PBXContainerItemProxy section */
		4EA5F215252B3C8A00DD4CB8 /* PBXContainerItemProxy */ = {
			isa = PBXContainerItemProxy;
			containerPortal = 4EA5F1F6252B3C8800DD4CB8 /* Project object */;
			proxyType = 1;
			remoteGlobalIDString = 4EA5F1FD252B3C8800DD4CB8;
			remoteInfo = IdeaMemo;
		};
		4EA5F220252B3C8A00DD4CB8 /* PBXContainerItemProxy */ = {
			isa = PBXContainerItemProxy;
			containerPortal = 4EA5F1F6252B3C8800DD4CB8 /* Project object */;
			proxyType = 1;
			remoteGlobalIDString = 4EA5F1FD252B3C8800DD4CB8;
			remoteInfo = IdeaMemo;
		};
/* End PBXContainerItemProxy section */

/* Begin PBXFileReference section */
		225C4DC4E2845FFE22BE3BE3 /* Pods-IdeaMemoTests.release.xcconfig */ = {isa = PBXFileReference; includeInIndex = 1; lastKnownFileType = text.xcconfig; name = "Pods-IdeaMemoTests.release.xcconfig"; path = "Target Support Files/Pods-IdeaMemoTests/Pods-IdeaMemoTests.release.xcconfig"; sourceTree = "<group>"; };
		26317706A3821C68DB16DD4C /* Pods-IdeaMemo-IdeaMemoUITests.debug.xcconfig */ = {isa = PBXFileReference; includeInIndex = 1; lastKnownFileType = text.xcconfig; name = "Pods-IdeaMemo-IdeaMemoUITests.debug.xcconfig"; path = "Target Support Files/Pods-IdeaMemo-IdeaMemoUITests/Pods-IdeaMemo-IdeaMemoUITests.debug.xcconfig"; sourceTree = "<group>"; };
		4EA5F1FE252B3C8800DD4CB8 /* IdeaMemo.app */ = {isa = PBXFileReference; explicitFileType = wrapper.application; includeInIndex = 0; path = IdeaMemo.app; sourceTree = BUILT_PRODUCTS_DIR; };
		4EA5F201252B3C8800DD4CB8 /* AppDelegate.swift */ = {isa = PBXFileReference; lastKnownFileType = sourcecode.swift; path = AppDelegate.swift; sourceTree = "<group>"; };
		4EA5F203252B3C8800DD4CB8 /* SceneDelegate.swift */ = {isa = PBXFileReference; lastKnownFileType = sourcecode.swift; path = SceneDelegate.swift; sourceTree = "<group>"; };
		4EA5F205252B3C8800DD4CB8 /* ContentView.swift */ = {isa = PBXFileReference; lastKnownFileType = sourcecode.swift; path = ContentView.swift; sourceTree = "<group>"; };
		4EA5F207252B3C8A00DD4CB8 /* Assets.xcassets */ = {isa = PBXFileReference; lastKnownFileType = folder.assetcatalog; path = Assets.xcassets; sourceTree = "<group>"; };
		4EA5F20A252B3C8A00DD4CB8 /* Preview Assets.xcassets */ = {isa = PBXFileReference; lastKnownFileType = folder.assetcatalog; path = "Preview Assets.xcassets"; sourceTree = "<group>"; };
		4EA5F20D252B3C8A00DD4CB8 /* Base */ = {isa = PBXFileReference; lastKnownFileType = file.storyboard; name = Base; path = Base.lproj/LaunchScreen.storyboard; sourceTree = "<group>"; };
		4EA5F20F252B3C8A00DD4CB8 /* Info.plist */ = {isa = PBXFileReference; lastKnownFileType = text.plist.xml; path = Info.plist; sourceTree = "<group>"; };
		4EA5F214252B3C8A00DD4CB8 /* IdeaMemoTests.xctest */ = {isa = PBXFileReference; explicitFileType = wrapper.cfbundle; includeInIndex = 0; path = IdeaMemoTests.xctest; sourceTree = BUILT_PRODUCTS_DIR; };
		4EA5F218252B3C8A00DD4CB8 /* IdeaMemoTests.swift */ = {isa = PBXFileReference; lastKnownFileType = sourcecode.swift; path = IdeaMemoTests.swift; sourceTree = "<group>"; };
		4EA5F21A252B3C8A00DD4CB8 /* Info.plist */ = {isa = PBXFileReference; lastKnownFileType = text.plist.xml; path = Info.plist; sourceTree = "<group>"; };
		4EA5F21F252B3C8A00DD4CB8 /* IdeaMemoUITests.xctest */ = {isa = PBXFileReference; explicitFileType = wrapper.cfbundle; includeInIndex = 0; path = IdeaMemoUITests.xctest; sourceTree = BUILT_PRODUCTS_DIR; };
		4EA5F223252B3C8A00DD4CB8 /* IdeaMemoUITests.swift */ = {isa = PBXFileReference; lastKnownFileType = sourcecode.swift; path = IdeaMemoUITests.swift; sourceTree = "<group>"; };
		4EA5F225252B3C8A00DD4CB8 /* Info.plist */ = {isa = PBXFileReference; lastKnownFileType = text.plist.xml; path = Info.plist; sourceTree = "<group>"; };
		6E72729845E6BA441D7222C3 /* Pods-IdeaMemoTests.debug.xcconfig */ = {isa = PBXFileReference; includeInIndex = 1; lastKnownFileType = text.xcconfig; name = "Pods-IdeaMemoTests.debug.xcconfig"; path = "Target Support Files/Pods-IdeaMemoTests/Pods-IdeaMemoTests.debug.xcconfig"; sourceTree = "<group>"; };
		6FF2F145512A3344C2456B9A /* Pods_IdeaMemo_IdeaMemoUITests.framework */ = {isa = PBXFileReference; explicitFileType = wrapper.framework; includeInIndex = 0; path = Pods_IdeaMemo_IdeaMemoUITests.framework; sourceTree = BUILT_PRODUCTS_DIR; };
		B53B028AAA92D3671DCF6B21 /* Pods-IdeaMemo.release.xcconfig */ = {isa = PBXFileReference; includeInIndex = 1; lastKnownFileType = text.xcconfig; name = "Pods-IdeaMemo.release.xcconfig"; path = "Target Support Files/Pods-IdeaMemo/Pods-IdeaMemo.release.xcconfig"; sourceTree = "<group>"; };
		BD152BC22ED517AD62BD4E1A /* Pods_IdeaMemoTests.framework */ = {isa = PBXFileReference; explicitFileType = wrapper.framework; includeInIndex = 0; path = Pods_IdeaMemoTests.framework; sourceTree = BUILT_PRODUCTS_DIR; };
		DD733D23E1070B39C341FD63 /* Pods-IdeaMemo-IdeaMemoUITests.release.xcconfig */ = {isa = PBXFileReference; includeInIndex = 1; lastKnownFileType = text.xcconfig; name = "Pods-IdeaMemo-IdeaMemoUITests.release.xcconfig"; path = "Target Support Files/Pods-IdeaMemo-IdeaMemoUITests/Pods-IdeaMemo-IdeaMemoUITests.release.xcconfig"; sourceTree = "<group>"; };
		ED0CC7E83A6B56B1FF99E71F /* Pods_IdeaMemo.framework */ = {isa = PBXFileReference; explicitFileType = wrapper.framework; includeInIndex = 0; path = Pods_IdeaMemo.framework; sourceTree = BUILT_PRODUCTS_DIR; };
		F9FDEB33674F97566D2C78D8 /* Pods-IdeaMemo.debug.xcconfig */ = {isa = PBXFileReference; includeInIndex = 1; lastKnownFileType = text.xcconfig; name = "Pods-IdeaMemo.debug.xcconfig"; path = "Target Support Files/Pods-IdeaMemo/Pods-IdeaMemo.debug.xcconfig"; sourceTree = "<group>"; };
/* End PBXFileReference section */

/* Begin PBXFrameworksBuildPhase section */
		4EA5F1FB252B3C8800DD4CB8 /* Frameworks */ = {
			isa = PBXFrameworksBuildPhase;
			buildActionMask = 2147483647;
			files = (
				BB763EE77BC78527C14E9A60 /* Pods_IdeaMemo.framework in Frameworks */,
			);
			runOnlyForDeploymentPostprocessing = 0;
		};
		4EA5F211252B3C8A00DD4CB8 /* Frameworks */ = {
			isa = PBXFrameworksBuildPhase;
			buildActionMask = 2147483647;
			files = (
				9302499DD72755DD4BDB74B9 /* Pods_IdeaMemoTests.framework in Frameworks */,
			);
			runOnlyForDeploymentPostprocessing = 0;
		};
		4EA5F21C252B3C8A00DD4CB8 /* Frameworks */ = {
			isa = PBXFrameworksBuildPhase;
			buildActionMask = 2147483647;
			files = (
				8533C66482DCBFC9B1DBB664 /* Pods_IdeaMemo_IdeaMemoUITests.framework in Frameworks */,
			);
			runOnlyForDeploymentPostprocessing = 0;
		};
/* End PBXFrameworksBuildPhase section */

/* Begin PBXGroup section */
		4EA5F1F5252B3C8800DD4CB8 = {
			isa = PBXGroup;
			children = (
				4EA5F200252B3C8800DD4CB8 /* IdeaMemo */,
				4EA5F217252B3C8A00DD4CB8 /* IdeaMemoTests */,
				4EA5F222252B3C8A00DD4CB8 /* IdeaMemoUITests */,
				4EA5F1FF252B3C8800DD4CB8 /* Products */,
				D5E35051BC789943CDFD6FD0 /* Pods */,
				7C7B185B842C6BFCF9C62085 /* Frameworks */,
			);
			sourceTree = "<group>";
		};
		4EA5F1FF252B3C8800DD4CB8 /* Products */ = {
			isa = PBXGroup;
			children = (
				4EA5F1FE252B3C8800DD4CB8 /* IdeaMemo.app */,
				4EA5F214252B3C8A00DD4CB8 /* IdeaMemoTests.xctest */,
				4EA5F21F252B3C8A00DD4CB8 /* IdeaMemoUITests.xctest */,
			);
			name = Products;
			sourceTree = "<group>";
		};
		4EA5F200252B3C8800DD4CB8 /* IdeaMemo */ = {
			isa = PBXGroup;
			children = (
				4EA5F201252B3C8800DD4CB8 /* AppDelegate.swift */,
				4EA5F203252B3C8800DD4CB8 /* SceneDelegate.swift */,
				4EA5F205252B3C8800DD4CB8 /* ContentView.swift */,
				4EA5F207252B3C8A00DD4CB8 /* Assets.xcassets */,
				4EA5F20C252B3C8A00DD4CB8 /* LaunchScreen.storyboard */,
				4EA5F20F252B3C8A00DD4CB8 /* Info.plist */,
				4EA5F209252B3C8A00DD4CB8 /* Preview Content */,
			);
			path = IdeaMemo;
			sourceTree = "<group>";
		};
		4EA5F209252B3C8A00DD4CB8 /* Preview Content */ = {
			isa = PBXGroup;
			children = (
				4EA5F20A252B3C8A00DD4CB8 /* Preview Assets.xcassets */,
			);
			path = "Preview Content";
			sourceTree = "<group>";
		};
		4EA5F217252B3C8A00DD4CB8 /* IdeaMemoTests */ = {
			isa = PBXGroup;
			children = (
				4EA5F218252B3C8A00DD4CB8 /* IdeaMemoTests.swift */,
				4EA5F21A252B3C8A00DD4CB8 /* Info.plist */,
			);
			path = IdeaMemoTests;
			sourceTree = "<group>";
		};
		4EA5F222252B3C8A00DD4CB8 /* IdeaMemoUITests */ = {
			isa = PBXGroup;
			children = (
				4EA5F223252B3C8A00DD4CB8 /* IdeaMemoUITests.swift */,
				4EA5F225252B3C8A00DD4CB8 /* Info.plist */,
			);
			path = IdeaMemoUITests;
			sourceTree = "<group>";
		};
		7C7B185B842C6BFCF9C62085 /* Frameworks */ = {
			isa = PBXGroup;
			children = (
				ED0CC7E83A6B56B1FF99E71F /* Pods_IdeaMemo.framework */,
				6FF2F145512A3344C2456B9A /* Pods_IdeaMemo_IdeaMemoUITests.framework */,
				BD152BC22ED517AD62BD4E1A /* Pods_IdeaMemoTests.framework */,
			);
			name = Frameworks;
			sourceTree = "<group>";
		};
		D5E35051BC789943CDFD6FD0 /* Pods */ = {
			isa = PBXGroup;
			children = (
				F9FDEB33674F97566D2C78D8 /* Pods-IdeaMemo.debug.xcconfig */,
				B53B028AAA92D3671DCF6B21 /* Pods-IdeaMemo.release.xcconfig */,
				26317706A3821C68DB16DD4C /* Pods-IdeaMemo-IdeaMemoUITests.debug.xcconfig */,
				DD733D23E1070B39C341FD63 /* Pods-IdeaMemo-IdeaMemoUITests.release.xcconfig */,
				6E72729845E6BA441D7222C3 /* Pods-IdeaMemoTests.debug.xcconfig */,
				225C4DC4E2845FFE22BE3BE3 /* Pods-IdeaMemoTests.release.xcconfig */,
			);
			name = Pods;
			path = Pods;
			sourceTree = "<group>";
		};
/* End PBXGroup section */

/* Begin PBXNativeTarget section */
		4EA5F1FD252B3C8800DD4CB8 /* IdeaMemo */ = {
			isa = PBXNativeTarget;
			buildConfigurationList = 4EA5F228252B3C8A00DD4CB8 /* Build configuration list for PBXNativeTarget "IdeaMemo" */;
			buildPhases = (
				73AC837BC047CF46FB79ED31 /* [CP] Check Pods Manifest.lock */,
				4EA5F1FA252B3C8800DD4CB8 /* Sources */,
				4EA5F1FB252B3C8800DD4CB8 /* Frameworks */,
				4EA5F1FC252B3C8800DD4CB8 /* Resources */,
			);
			buildRules = (
			);
			dependencies = (
			);
			name = IdeaMemo;
			productName = IdeaMemo;
			productReference = 4EA5F1FE252B3C8800DD4CB8 /* IdeaMemo.app */;
			productType = "com.apple.product-type.application";
		};
		4EA5F213252B3C8A00DD4CB8 /* IdeaMemoTests */ = {
			isa = PBXNativeTarget;
			buildConfigurationList = 4EA5F22B252B3C8A00DD4CB8 /* Build configuration list for PBXNativeTarget "IdeaMemoTests" */;
			buildPhases = (
				90244B6887655B5B8598287B /* [CP] Check Pods Manifest.lock */,
				4EA5F210252B3C8A00DD4CB8 /* Sources */,
				4EA5F211252B3C8A00DD4CB8 /* Frameworks */,
				4EA5F212252B3C8A00DD4CB8 /* Resources */,
			);
			buildRules = (
			);
			dependencies = (
				4EA5F216252B3C8A00DD4CB8 /* PBXTargetDependency */,
			);
			name = IdeaMemoTests;
			productName = IdeaMemoTests;
			productReference = 4EA5F214252B3C8A00DD4CB8 /* IdeaMemoTests.xctest */;
			productType = "com.apple.product-type.bundle.unit-test";
		};
		4EA5F21E252B3C8A00DD4CB8 /* IdeaMemoUITests */ = {
			isa = PBXNativeTarget;
			buildConfigurationList = 4EA5F22E252B3C8A00DD4CB8 /* Build configuration list for PBXNativeTarget "IdeaMemoUITests" */;
			buildPhases = (
				86444A7D24613675B01CB9AE /* [CP] Check Pods Manifest.lock */,
				4EA5F21B252B3C8A00DD4CB8 /* Sources */,
				4EA5F21C252B3C8A00DD4CB8 /* Frameworks */,
				4EA5F21D252B3C8A00DD4CB8 /* Resources */,
			);
			buildRules = (
			);
			dependencies = (
				4EA5F221252B3C8A00DD4CB8 /* PBXTargetDependency */,
			);
			name = IdeaMemoUITests;
			productName = IdeaMemoUITests;
			productReference = 4EA5F21F252B3C8A00DD4CB8 /* IdeaMemoUITests.xctest */;
			productType = "com.apple.product-type.bundle.ui-testing";
		};
/* End PBXNativeTarget section */

/* Begin PBXProject section */
		4EA5F1F6252B3C8800DD4CB8 /* Project object */ = {
			isa = PBXProject;
			attributes = {
				LastSwiftUpdateCheck = 1170;
				LastUpgradeCheck = 1170;
				ORGANIZATIONNAME = "Hisaya Sugita";
				TargetAttributes = {
					4EA5F1FD252B3C8800DD4CB8 = {
						CreatedOnToolsVersion = 11.7;
					};
					4EA5F213252B3C8A00DD4CB8 = {
						CreatedOnToolsVersion = 11.7;
						TestTargetID = 4EA5F1FD252B3C8800DD4CB8;
					};
					4EA5F21E252B3C8A00DD4CB8 = {
						CreatedOnToolsVersion = 11.7;
						TestTargetID = 4EA5F1FD252B3C8800DD4CB8;
					};
				};
			};
			buildConfigurationList = 4EA5F1F9252B3C8800DD4CB8 /* Build configuration list for PBXProject "IdeaMemo" */;
			compatibilityVersion = "Xcode 9.3";
			developmentRegion = en;
			hasScannedForEncodings = 0;
			knownRegions = (
				en,
				Base,
			);
			mainGroup = 4EA5F1F5252B3C8800DD4CB8;
			productRefGroup = 4EA5F1FF252B3C8800DD4CB8 /* Products */;
			projectDirPath = "";
			projectRoot = "";
			targets = (
				4EA5F1FD252B3C8800DD4CB8 /* IdeaMemo */,
				4EA5F213252B3C8A00DD4CB8 /* IdeaMemoTests */,
				4EA5F21E252B3C8A00DD4CB8 /* IdeaMemoUITests */,
			);
		};
/* End PBXProject section */

/* Begin PBXResourcesBuildPhase section */
		4EA5F1FC252B3C8800DD4CB8 /* Resources */ = {
			isa = PBXResourcesBuildPhase;
			buildActionMask = 2147483647;
			files = (
				4EA5F20E252B3C8A00DD4CB8 /* LaunchScreen.storyboard in Resources */,
				4EA5F20B252B3C8A00DD4CB8 /* Preview Assets.xcassets in Resources */,
				4EA5F208252B3C8A00DD4CB8 /* Assets.xcassets in Resources */,
			);
			runOnlyForDeploymentPostprocessing = 0;
		};
		4EA5F212252B3C8A00DD4CB8 /* Resources */ = {
			isa = PBXResourcesBuildPhase;
			buildActionMask = 2147483647;
			files = (
			);
			runOnlyForDeploymentPostprocessing = 0;
		};
		4EA5F21D252B3C8A00DD4CB8 /* Resources */ = {
			isa = PBXResourcesBuildPhase;
			buildActionMask = 2147483647;
			files = (
			);
			runOnlyForDeploymentPostprocessing = 0;
		};
/* End PBXResourcesBuildPhase section */

/* Begin PBXShellScriptBuildPhase section */
		73AC837BC047CF46FB79ED31 /* [CP] Check Pods Manifest.lock */ = {
			isa = PBXShellScriptBuildPhase;
			buildActionMask = 2147483647;
			files = (
			);
			inputFileListPaths = (
			);
			inputPaths = (
				"${PODS_PODFILE_DIR_PATH}/Podfile.lock",
				"${PODS_ROOT}/Manifest.lock",
			);
			name = "[CP] Check Pods Manifest.lock";
			outputFileListPaths = (
			);
			outputPaths = (
				"$(DERIVED_FILE_DIR)/Pods-IdeaMemo-checkManifestLockResult.txt",
			);
			runOnlyForDeploymentPostprocessing = 0;
			shellPath = /bin/sh;
			shellScript = "diff \"${PODS_PODFILE_DIR_PATH}/Podfile.lock\" \"${PODS_ROOT}/Manifest.lock\" > /dev/null\nif [ $? != 0 ] ; then\n    # print error to STDERR\n    echo \"error: The sandbox is not in sync with the Podfile.lock. Run 'pod install' or update your CocoaPods installation.\" >&2\n    exit 1\nfi\n# This output is used by Xcode 'outputs' to avoid re-running this script phase.\necho \"SUCCESS\" > \"${SCRIPT_OUTPUT_FILE_0}\"\n";
			showEnvVarsInLog = 0;
		};
		86444A7D24613675B01CB9AE /* [CP] Check Pods Manifest.lock */ = {
			isa = PBXShellScriptBuildPhase;
			buildActionMask = 2147483647;
			files = (
			);
			inputFileListPaths = (
			);
			inputPaths = (
				"${PODS_PODFILE_DIR_PATH}/Podfile.lock",
				"${PODS_ROOT}/Manifest.lock",
			);
			name = "[CP] Check Pods Manifest.lock";
			outputFileListPaths = (
			);
			outputPaths = (
				"$(DERIVED_FILE_DIR)/Pods-IdeaMemo-IdeaMemoUITests-checkManifestLockResult.txt",
			);
			runOnlyForDeploymentPostprocessing = 0;
			shellPath = /bin/sh;
			shellScript = "diff \"${PODS_PODFILE_DIR_PATH}/Podfile.lock\" \"${PODS_ROOT}/Manifest.lock\" > /dev/null\nif [ $? != 0 ] ; then\n    # print error to STDERR\n    echo \"error: The sandbox is not in sync with the Podfile.lock. Run 'pod install' or update your CocoaPods installation.\" >&2\n    exit 1\nfi\n# This output is used by Xcode 'outputs' to avoid re-running this script phase.\necho \"SUCCESS\" > \"${SCRIPT_OUTPUT_FILE_0}\"\n";
			showEnvVarsInLog = 0;
		};
		90244B6887655B5B8598287B /* [CP] Check Pods Manifest.lock */ = {
			isa = PBXShellScriptBuildPhase;
			buildActionMask = 2147483647;
			files = (
			);
			inputFileListPaths = (
			);
			inputPaths = (
				"${PODS_PODFILE_DIR_PATH}/Podfile.lock",
				"${PODS_ROOT}/Manifest.lock",
			);
			name = "[CP] Check Pods Manifest.lock";
			outputFileListPaths = (
			);
			outputPaths = (
				"$(DERIVED_FILE_DIR)/Pods-IdeaMemoTests-checkManifestLockResult.txt",
			);
			runOnlyForDeploymentPostprocessing = 0;
			shellPath = /bin/sh;
			shellScript = "diff \"${PODS_PODFILE_DIR_PATH}/Podfile.lock\" \"${PODS_ROOT}/Manifest.lock\" > /dev/null\nif [ $? != 0 ] ; then\n    # print error to STDERR\n    echo \"error: The sandbox is not in sync with the Podfile.lock. Run 'pod install' or update your CocoaPods installation.\" >&2\n    exit 1\nfi\n# This output is used by Xcode 'outputs' to avoid re-running this script phase.\necho \"SUCCESS\" > \"${SCRIPT_OUTPUT_FILE_0}\"\n";
			showEnvVarsInLog = 0;
		};
/* End PBXShellScriptBuildPhase section */

/* Begin PBXSourcesBuildPhase section */
		4EA5F1FA252B3C8800DD4CB8 /* Sources */ = {
			isa = PBXSourcesBuildPhase;
			buildActionMask = 2147483647;
			files = (
				4EA5F202252B3C8800DD4CB8 /* AppDelegate.swift in Sources */,
				4EA5F204252B3C8800DD4CB8 /* SceneDelegate.swift in Sources */,
				4EA5F206252B3C8800DD4CB8 /* ContentView.swift in Sources */,
			);
			runOnlyForDeploymentPostprocessing = 0;
		};
		4EA5F210252B3C8A00DD4CB8 /* Sources */ = {
			isa = PBXSourcesBuildPhase;
			buildActionMask = 2147483647;
			files = (
				4EA5F219252B3C8A00DD4CB8 /* IdeaMemoTests.swift in Sources */,
			);
			runOnlyForDeploymentPostprocessing = 0;
		};
		4EA5F21B252B3C8A00DD4CB8 /* Sources */ = {
			isa = PBXSourcesBuildPhase;
			buildActionMask = 2147483647;
			files = (
				4EA5F224252B3C8A00DD4CB8 /* IdeaMemoUITests.swift in Sources */,
			);
			runOnlyForDeploymentPostprocessing = 0;
		};
/* End PBXSourcesBuildPhase section */

/* Begin PBXTargetDependency section */
		4EA5F216252B3C8A00DD4CB8 /* PBXTargetDependency */ = {
			isa = PBXTargetDependency;
			target = 4EA5F1FD252B3C8800DD4CB8 /* IdeaMemo */;
			targetProxy = 4EA5F215252B3C8A00DD4CB8 /* PBXContainerItemProxy */;
		};
		4EA5F221252B3C8A00DD4CB8 /* PBXTargetDependency */ = {
			isa = PBXTargetDependency;
			target = 4EA5F1FD252B3C8800DD4CB8 /* IdeaMemo */;
			targetProxy = 4EA5F220252B3C8A00DD4CB8 /* PBXContainerItemProxy */;
		};
/* End PBXTargetDependency section */

/* Begin PBXVariantGroup section */
		4EA5F20C252B3C8A00DD4CB8 /* LaunchScreen.storyboard */ = {
			isa = PBXVariantGroup;
			children = (
				4EA5F20D252B3C8A00DD4CB8 /* Base */,
			);
			name = LaunchScreen.storyboard;
			sourceTree = "<group>";
		};
/* End PBXVariantGroup section */

/* Begin XCBuildConfiguration section */
		4EA5F226252B3C8A00DD4CB8 /* Debug */ = {
			isa = XCBuildConfiguration;
			buildSettings = {
				ALWAYS_SEARCH_USER_PATHS = NO;
				CLANG_ANALYZER_NONNULL = YES;
				CLANG_ANALYZER_NUMBER_OBJECT_CONVERSION = YES_AGGRESSIVE;
				CLANG_CXX_LANGUAGE_STANDARD = "gnu++14";
				CLANG_CXX_LIBRARY = "libc++";
				CLANG_ENABLE_MODULES = YES;
				CLANG_ENABLE_OBJC_ARC = YES;
				CLANG_ENABLE_OBJC_WEAK = YES;
				CLANG_WARN_BLOCK_CAPTURE_AUTORELEASING = YES;
				CLANG_WARN_BOOL_CONVERSION = YES;
				CLANG_WARN_COMMA = YES;
				CLANG_WARN_CONSTANT_CONVERSION = YES;
				CLANG_WARN_DEPRECATED_OBJC_IMPLEMENTATIONS = YES;
				CLANG_WARN_DIRECT_OBJC_ISA_USAGE = YES_ERROR;
				CLANG_WARN_DOCUMENTATION_COMMENTS = YES;
				CLANG_WARN_EMPTY_BODY = YES;
				CLANG_WARN_ENUM_CONVERSION = YES;
				CLANG_WARN_INFINITE_RECURSION = YES;
				CLANG_WARN_INT_CONVERSION = YES;
				CLANG_WARN_NON_LITERAL_NULL_CONVERSION = YES;
				CLANG_WARN_OBJC_IMPLICIT_RETAIN_SELF = YES;
				CLANG_WARN_OBJC_LITERAL_CONVERSION = YES;
				CLANG_WARN_OBJC_ROOT_CLASS = YES_ERROR;
				CLANG_WARN_RANGE_LOOP_ANALYSIS = YES;
				CLANG_WARN_STRICT_PROTOTYPES = YES;
				CLANG_WARN_SUSPICIOUS_MOVE = YES;
				CLANG_WARN_UNGUARDED_AVAILABILITY = YES_AGGRESSIVE;
				CLANG_WARN_UNREACHABLE_CODE = YES;
				CLANG_WARN__DUPLICATE_METHOD_MATCH = YES;
				COPY_PHASE_STRIP = NO;
				DEBUG_INFORMATION_FORMAT = dwarf;
				ENABLE_STRICT_OBJC_MSGSEND = YES;
				ENABLE_TESTABILITY = YES;
				GCC_C_LANGUAGE_STANDARD = gnu11;
				GCC_DYNAMIC_NO_PIC = NO;
				GCC_NO_COMMON_BLOCKS = YES;
				GCC_OPTIMIZATION_LEVEL = 0;
				GCC_PREPROCESSOR_DEFINITIONS = (
					"DEBUG=1",
					"$(inherited)",
				);
				GCC_WARN_64_TO_32_BIT_CONVERSION = YES;
				GCC_WARN_ABOUT_RETURN_TYPE = YES_ERROR;
				GCC_WARN_UNDECLARED_SELECTOR = YES;
				GCC_WARN_UNINITIALIZED_AUTOS = YES_AGGRESSIVE;
				GCC_WARN_UNUSED_FUNCTION = YES;
				GCC_WARN_UNUSED_VARIABLE = YES;
				IPHONEOS_DEPLOYMENT_TARGET = 13.7;
				MTL_ENABLE_DEBUG_INFO = INCLUDE_SOURCE;
				MTL_FAST_MATH = YES;
				ONLY_ACTIVE_ARCH = YES;
				SDKROOT = iphoneos;
				SWIFT_ACTIVE_COMPILATION_CONDITIONS = DEBUG;
				SWIFT_OPTIMIZATION_LEVEL = "-Onone";
			};
			name = Debug;
		};
		4EA5F227252B3C8A00DD4CB8 /* Release */ = {
			isa = XCBuildConfiguration;
			buildSettings = {
				ALWAYS_SEARCH_USER_PATHS = NO;
				CLANG_ANALYZER_NONNULL = YES;
				CLANG_ANALYZER_NUMBER_OBJECT_CONVERSION = YES_AGGRESSIVE;
				CLANG_CXX_LANGUAGE_STANDARD = "gnu++14";
				CLANG_CXX_LIBRARY = "libc++";
				CLANG_ENABLE_MODULES = YES;
				CLANG_ENABLE_OBJC_ARC = YES;
				CLANG_ENABLE_OBJC_WEAK = YES;
				CLANG_WARN_BLOCK_CAPTURE_AUTORELEASING = YES;
				CLANG_WARN_BOOL_CONVERSION = YES;
				CLANG_WARN_COMMA = YES;
				CLANG_WARN_CONSTANT_CONVERSION = YES;
				CLANG_WARN_DEPRECATED_OBJC_IMPLEMENTATIONS = YES;
				CLANG_WARN_DIRECT_OBJC_ISA_USAGE = YES_ERROR;
				CLANG_WARN_DOCUMENTATION_COMMENTS = YES;
				CLANG_WARN_EMPTY_BODY = YES;
				CLANG_WARN_ENUM_CONVERSION = YES;
				CLANG_WARN_INFINITE_RECURSION = YES;
				CLANG_WARN_INT_CONVERSION = YES;
				CLANG_WARN_NON_LITERAL_NULL_CONVERSION = YES;
				CLANG_WARN_OBJC_IMPLICIT_RETAIN_SELF = YES;
				CLANG_WARN_OBJC_LITERAL_CONVERSION = YES;
				CLANG_WARN_OBJC_ROOT_CLASS = YES_ERROR;
				CLANG_WARN_RANGE_LOOP_ANALYSIS = YES;
				CLANG_WARN_STRICT_PROTOTYPES = YES;
				CLANG_WARN_SUSPICIOUS_MOVE = YES;
				CLANG_WARN_UNGUARDED_AVAILABILITY = YES_AGGRESSIVE;
				CLANG_WARN_UNREACHABLE_CODE = YES;
				CLANG_WARN__DUPLICATE_METHOD_MATCH = YES;
				COPY_PHASE_STRIP = NO;
				DEBUG_INFORMATION_FORMAT = "dwarf-with-dsym";
				ENABLE_NS_ASSERTIONS = NO;
				ENABLE_STRICT_OBJC_MSGSEND = YES;
				GCC_C_LANGUAGE_STANDARD = gnu11;
				GCC_NO_COMMON_BLOCKS = YES;
				GCC_WARN_64_TO_32_BIT_CONVERSION = YES;
				GCC_WARN_ABOUT_RETURN_TYPE = YES_ERROR;
				GCC_WARN_UNDECLARED_SELECTOR = YES;
				GCC_WARN_UNINITIALIZED_AUTOS = YES_AGGRESSIVE;
				GCC_WARN_UNUSED_FUNCTION = YES;
				GCC_WARN_UNUSED_VARIABLE = YES;
				IPHONEOS_DEPLOYMENT_TARGET = 13.7;
				MTL_ENABLE_DEBUG_INFO = NO;
				MTL_FAST_MATH = YES;
				SDKROOT = iphoneos;
				SWIFT_COMPILATION_MODE = wholemodule;
				SWIFT_OPTIMIZATION_LEVEL = "-O";
				VALIDATE_PRODUCT = YES;
			};
			name = Release;
		};
		4EA5F229252B3C8A00DD4CB8 /* Debug */ = {
			isa = XCBuildConfiguration;
			baseConfigurationReference = F9FDEB33674F97566D2C78D8 /* Pods-IdeaMemo.debug.xcconfig */;
			buildSettings = {
				ASSETCATALOG_COMPILER_APPICON_NAME = AppIcon;
				CODE_SIGN_STYLE = Automatic;
				DEVELOPMENT_ASSET_PATHS = "\"IdeaMemo/Preview Content\"";
				DEVELOPMENT_TEAM = P55D3D23US;
				ENABLE_PREVIEWS = YES;
				INFOPLIST_FILE = IdeaMemo/Info.plist;
				LD_RUNPATH_SEARCH_PATHS = (
					"$(inherited)",
					"@executable_path/Frameworks",
				);
				PRODUCT_BUNDLE_IDENTIFIER = "com.kino-puehddby.IdeaMemo";
				PRODUCT_NAME = "$(TARGET_NAME)";
				SWIFT_VERSION = 5.0;
				TARGETED_DEVICE_FAMILY = "1,2";
			};
			name = Debug;
		};
		4EA5F22A252B3C8A00DD4CB8 /* Release */ = {
			isa = XCBuildConfiguration;
			baseConfigurationReference = B53B028AAA92D3671DCF6B21 /* Pods-IdeaMemo.release.xcconfig */;
			buildSettings = {
				ASSETCATALOG_COMPILER_APPICON_NAME = AppIcon;
				CODE_SIGN_STYLE = Automatic;
				DEVELOPMENT_ASSET_PATHS = "\"IdeaMemo/Preview Content\"";
				DEVELOPMENT_TEAM = P55D3D23US;
				ENABLE_PREVIEWS = YES;
				INFOPLIST_FILE = IdeaMemo/Info.plist;
				LD_RUNPATH_SEARCH_PATHS = (
					"$(inherited)",
					"@executable_path/Frameworks",
				);
				PRODUCT_BUNDLE_IDENTIFIER = "com.kino-puehddby.IdeaMemo";
				PRODUCT_NAME = "$(TARGET_NAME)";
				SWIFT_VERSION = 5.0;
				TARGETED_DEVICE_FAMILY = "1,2";
			};
			name = Release;
		};
		4EA5F22C252B3C8A00DD4CB8 /* Debug */ = {
			isa = XCBuildConfiguration;
			baseConfigurationReference = 6E72729845E6BA441D7222C3 /* Pods-IdeaMemoTests.debug.xcconfig */;
			buildSettings = {
				ALWAYS_EMBED_SWIFT_STANDARD_LIBRARIES = YES;
				BUNDLE_LOADER = "$(TEST_HOST)";
				CODE_SIGN_STYLE = Automatic;
				DEVELOPMENT_TEAM = P55D3D23US;
				INFOPLIST_FILE = IdeaMemoTests/Info.plist;
				IPHONEOS_DEPLOYMENT_TARGET = 13.7;
				LD_RUNPATH_SEARCH_PATHS = (
					"$(inherited)",
					"@executable_path/Frameworks",
					"@loader_path/Frameworks",
				);
				PRODUCT_BUNDLE_IDENTIFIER = "com.kino-puehddby.IdeaMemoTests";
				PRODUCT_NAME = "$(TARGET_NAME)";
				SWIFT_VERSION = 5.0;
				TARGETED_DEVICE_FAMILY = "1,2";
				TEST_HOST = "$(BUILT_PRODUCTS_DIR)/IdeaMemo.app/IdeaMemo";
			};
			name = Debug;
		};
		4EA5F22D252B3C8A00DD4CB8 /* Release */ = {
			isa = XCBuildConfiguration;
			baseConfigurationReference = 225C4DC4E2845FFE22BE3BE3 /* Pods-IdeaMemoTests.release.xcconfig */;
			buildSettings = {
				ALWAYS_EMBED_SWIFT_STANDARD_LIBRARIES = YES;
				BUNDLE_LOADER = "$(TEST_HOST)";
				CODE_SIGN_STYLE = Automatic;
				DEVELOPMENT_TEAM = P55D3D23US;
				INFOPLIST_FILE = IdeaMemoTests/Info.plist;
				IPHONEOS_DEPLOYMENT_TARGET = 13.7;
				LD_RUNPATH_SEARCH_PATHS = (
					"$(inherited)",
					"@executable_path/Frameworks",
					"@loader_path/Frameworks",
				);
				PRODUCT_BUNDLE_IDENTIFIER = "com.kino-puehddby.IdeaMemoTests";
				PRODUCT_NAME = "$(TARGET_NAME)";
				SWIFT_VERSION = 5.0;
				TARGETED_DEVICE_FAMILY = "1,2";
				TEST_HOST = "$(BUILT_PRODUCTS_DIR)/IdeaMemo.app/IdeaMemo";
			};
			name = Release;
		};
		4EA5F22F252B3C8A00DD4CB8 /* Debug */ = {
			isa = XCBuildConfiguration;
			baseConfigurationReference = 26317706A3821C68DB16DD4C /* Pods-IdeaMemo-IdeaMemoUITests.debug.xcconfig */;
			buildSettings = {
				ALWAYS_EMBED_SWIFT_STANDARD_LIBRARIES = YES;
				CODE_SIGN_STYLE = Automatic;
				DEVELOPMENT_TEAM = P55D3D23US;
				INFOPLIST_FILE = IdeaMemoUITests/Info.plist;
				LD_RUNPATH_SEARCH_PATHS = (
					"$(inherited)",
					"@executable_path/Frameworks",
					"@loader_path/Frameworks",
				);
				PRODUCT_BUNDLE_IDENTIFIER = "com.kino-puehddby.IdeaMemoUITests";
				PRODUCT_NAME = "$(TARGET_NAME)";
				SWIFT_VERSION = 5.0;
				TARGETED_DEVICE_FAMILY = "1,2";
				TEST_TARGET_NAME = IdeaMemo;
			};
			name = Debug;
		};
		4EA5F230252B3C8A00DD4CB8 /* Release */ = {
			isa = XCBuildConfiguration;
			baseConfigurationReference = DD733D23E1070B39C341FD63 /* Pods-IdeaMemo-IdeaMemoUITests.release.xcconfig */;
			buildSettings = {
				ALWAYS_EMBED_SWIFT_STANDARD_LIBRARIES = YES;
				CODE_SIGN_STYLE = Automatic;
				DEVELOPMENT_TEAM = P55D3D23US;
				INFOPLIST_FILE = IdeaMemoUITests/Info.plist;
				LD_RUNPATH_SEARCH_PATHS = (
					"$(inherited)",
					"@executable_path/Frameworks",
					"@loader_path/Frameworks",
				);
				PRODUCT_BUNDLE_IDENTIFIER = "com.kino-puehddby.IdeaMemoUITests";
				PRODUCT_NAME = "$(TARGET_NAME)";
				SWIFT_VERSION = 5.0;
				TARGETED_DEVICE_FAMILY = "1,2";
				TEST_TARGET_NAME = IdeaMemo;
			};
			name = Release;
		};
/* End XCBuildConfiguration section */

/* Begin XCConfigurationList section */
		4EA5F1F9252B3C8800DD4CB8 /* Build configuration list for PBXProject "IdeaMemo" */ = {
			isa = XCConfigurationList;
			buildConfigurations = (
				4EA5F226252B3C8A00DD4CB8 /* Debug */,
				4EA5F227252B3C8A00DD4CB8 /* Release */,
			);
			defaultConfigurationIsVisible = 0;
			defaultConfigurationName = Release;
		};
		4EA5F228252B3C8A00DD4CB8 /* Build configuration list for PBXNativeTarget "IdeaMemo" */ = {
			isa = XCConfigurationList;
			buildConfigurations = (
				4EA5F229252B3C8A00DD4CB8 /* Debug */,
				4EA5F22A252B3C8A00DD4CB8 /* Release */,
			);
			defaultConfigurationIsVisible = 0;
			defaultConfigurationName = Release;
		};
		4EA5F22B252B3C8A00DD4CB8 /* Build configuration list for PBXNativeTarget "IdeaMemoTests" */ = {
			isa = XCConfigurationList;
			buildConfigurations = (
				4EA5F22C252B3C8A00DD4CB8 /* Debug */,
				4EA5F22D252B3C8A00DD4CB8 /* Release */,
			);
			defaultConfigurationIsVisible = 0;
			defaultConfigurationName = Release;
		};
		4EA5F22E252B3C8A00DD4CB8 /* Build configuration list for PBXNativeTarget "IdeaMemoUITests" */ = {
			isa = XCConfigurationList;
			buildConfigurations = (
				4EA5F22F252B3C8A00DD4CB8 /* Debug */,
				4EA5F230252B3C8A00DD4CB8 /* Release */,
			);
			defaultConfigurationIsVisible = 0;
			defaultConfigurationName = Release;
		};
/* End XCConfigurationList section */
	};
	rootObject = 4EA5F1F6252B3C8800DD4CB8 /* Project object */;
}
